// !$*UTF8*$!
{
	archiveVersion = 1;
	classes = {
	};
	objectVersion = 46;
	objects = {

/* Begin PBXBuildFile section */
		0100BDE81C0C12CD0011F6D0 /* navbtn_back_hov.png in Resources */ = {isa = PBXBuildFile; fileRef = 0100BDE71C0C12CD0011F6D0 /* navbtn_back_hov.png */; };
		010578191C1312BA00C8F7CC /* OSNAreaEntity.m in Sources */ = {isa = PBXBuildFile; fileRef = 010578181C1312BA00C8F7CC /* OSNAreaEntity.m */; };
		0105781C1C1313D300C8F7CC /* AutoLayoutTagView.m in Sources */ = {isa = PBXBuildFile; fileRef = 0105781B1C1313D300C8F7CC /* AutoLayoutTagView.m */; };
		0113406A1C1B29DE009C093E /* u3d_wait.png in Resources */ = {isa = PBXBuildFile; fileRef = 011340691C1B29DE009C093E /* u3d_wait.png */; };
		0113406D1C1B32FE009C093E /* CALayer+XibConfiguration.m in Sources */ = {isa = PBXBuildFile; fileRef = 0113406C1C1B32FE009C093E /* CALayer+XibConfiguration.m */; };
		011375491BFEF29500A9AB9E /* login_bg.jpg in Resources */ = {isa = PBXBuildFile; fileRef = 011375461BFEF29500A9AB9E /* login_bg.jpg */; };
		0113754A1BFEF29500A9AB9E /* login_btn_hover.png in Resources */ = {isa = PBXBuildFile; fileRef = 011375471BFEF29500A9AB9E /* login_btn_hover.png */; };
		0113754B1BFEF29500A9AB9E /* welcome_bg.jpg in Resources */ = {isa = PBXBuildFile; fileRef = 011375481BFEF29500A9AB9E /* welcome_bg.jpg */; };
		011375501BFEFC5000A9AB9E /* history_ico.png in Resources */ = {isa = PBXBuildFile; fileRef = 0113754C1BFEFC5000A9AB9E /* history_ico.png */; };
		011375511BFEFC5000A9AB9E /* historyview_ico.png in Resources */ = {isa = PBXBuildFile; fileRef = 0113754D1BFEFC5000A9AB9E /* historyview_ico.png */; };
		011375521BFEFC5000A9AB9E /* qcode_ico.png in Resources */ = {isa = PBXBuildFile; fileRef = 0113754E1BFEFC5000A9AB9E /* qcode_ico.png */; };
		011375531BFEFC5000A9AB9E /* shopping_ico.png in Resources */ = {isa = PBXBuildFile; fileRef = 0113754F1BFEFC5000A9AB9E /* shopping_ico.png */; };
		011375591BFEFE4D00A9AB9E /* wc_case_ico.png in Resources */ = {isa = PBXBuildFile; fileRef = 011375541BFEFE4D00A9AB9E /* wc_case_ico.png */; };
		0113755A1BFEFE4D00A9AB9E /* wc_loupan_ico.png in Resources */ = {isa = PBXBuildFile; fileRef = 011375551BFEFE4D00A9AB9E /* wc_loupan_ico.png */; };
		0113755B1BFEFE4D00A9AB9E /* wc_product_ico.png in Resources */ = {isa = PBXBuildFile; fileRef = 011375561BFEFE4D00A9AB9E /* wc_product_ico.png */; };
		0113755C1BFEFE4D00A9AB9E /* wc_receive_ico.png in Resources */ = {isa = PBXBuildFile; fileRef = 011375571BFEFE4D00A9AB9E /* wc_receive_ico.png */; };
		0113755D1BFEFE4D00A9AB9E /* wc_user_ico.png in Resources */ = {isa = PBXBuildFile; fileRef = 011375581BFEFE4D00A9AB9E /* wc_user_ico.png */; };
		011375601BFF074100A9AB9E /* ProductListViewController.m in Sources */ = {isa = PBXBuildFile; fileRef = 0113755F1BFF074100A9AB9E /* ProductListViewController.m */; };
		011375641BFF0DA400A9AB9E /* MasterViewController.m in Sources */ = {isa = PBXBuildFile; fileRef = 011375621BFF0DA400A9AB9E /* MasterViewController.m */; };
		011375651BFF0DA400A9AB9E /* MasterViewController.xib in Resources */ = {isa = PBXBuildFile; fileRef = 011375631BFF0DA400A9AB9E /* MasterViewController.xib */; };
		0119301C1C1AA8DB005D730A /* CustomerReceptionRecordViewController.m in Sources */ = {isa = PBXBuildFile; fileRef = 0119301A1C1AA8DB005D730A /* CustomerReceptionRecordViewController.m */; };
		0119301D1C1AA8DB005D730A /* CustomerReceptionRecordViewController.xib in Resources */ = {isa = PBXBuildFile; fileRef = 0119301B1C1AA8DB005D730A /* CustomerReceptionRecordViewController.xib */; };
		011930201C1ABF8D005D730A /* RecordImageCell.m in Sources */ = {isa = PBXBuildFile; fileRef = 0119301F1C1ABF8D005D730A /* RecordImageCell.m */; };
		0129AB8D1C0363D800A445FB /* OSNProductManager.m in Sources */ = {isa = PBXBuildFile; fileRef = 0129AB8C1C0363D800A445FB /* OSNProductManager.m */; };
		01303C5A1C5737730089055E /* AgePickerView.m in Sources */ = {isa = PBXBuildFile; fileRef = 01303C591C5737730089055E /* AgePickerView.m */; };
		0130A1771C15894800D075FF /* OSNCustomerManager.m in Sources */ = {isa = PBXBuildFile; fileRef = 0130A1761C15894800D075FF /* OSNCustomerManager.m */; };
		0130A17B1C158B6600D075FF /* CustomerListViewController.m in Sources */ = {isa = PBXBuildFile; fileRef = 0130A17A1C158B6600D075FF /* CustomerListViewController.m */; };
		0130A17E1C15905000D075FF /* CustomerListCell.m in Sources */ = {isa = PBXBuildFile; fileRef = 0130A17D1C15905000D075FF /* CustomerListCell.m */; };
		014060ED1C0FDABB0001804E /* OSNMainNavigation.m in Sources */ = {isa = PBXBuildFile; fileRef = 014060EC1C0FDABB0001804E /* OSNMainNavigation.m */; };
		014060F01C0FEB540001804E /* ProductImageList.m in Sources */ = {isa = PBXBuildFile; fileRef = 014060EF1C0FEB540001804E /* ProductImageList.m */; };
		014060F31C0FEFC80001804E /* ProductImageCell.m in Sources */ = {isa = PBXBuildFile; fileRef = 014060F21C0FEFC80001804E /* ProductImageCell.m */; };
		014664EB1C06F0CF00FD2E96 /* OSNTagButton.m in Sources */ = {isa = PBXBuildFile; fileRef = 014664EA1C06F0CF00FD2E96 /* OSNTagButton.m */; };
		014664EE1C07056700FD2E96 /* OSNTagPadView.m in Sources */ = {isa = PBXBuildFile; fileRef = 014664ED1C07056700FD2E96 /* OSNTagPadView.m */; };
		014E807B1C1807930065987F /* ImageShowView.m in Sources */ = {isa = PBXBuildFile; fileRef = 014E807A1C1807930065987F /* ImageShowView.m */; };
		014E808A1C1807C10065987F /* LewPopupBackgroundView.m in Sources */ = {isa = PBXBuildFile; fileRef = 014E807E1C1807C10065987F /* LewPopupBackgroundView.m */; };
		014E808B1C1807C10065987F /* LewPopupViewAnimationDrop.m in Sources */ = {isa = PBXBuildFile; fileRef = 014E80801C1807C10065987F /* LewPopupViewAnimationDrop.m */; };
		014E808C1C1807C10065987F /* LewPopupViewAnimationFade.m in Sources */ = {isa = PBXBuildFile; fileRef = 014E80821C1807C10065987F /* LewPopupViewAnimationFade.m */; };
		014E808D1C1807C10065987F /* LewPopupViewAnimationSlide.m in Sources */ = {isa = PBXBuildFile; fileRef = 014E80841C1807C10065987F /* LewPopupViewAnimationSlide.m */; };
		014E808E1C1807C10065987F /* LewPopupViewAnimationSpring.m in Sources */ = {isa = PBXBuildFile; fileRef = 014E80861C1807C10065987F /* LewPopupViewAnimationSpring.m */; };
		014E808F1C1807C10065987F /* UIViewController+LewPopupViewController.m in Sources */ = {isa = PBXBuildFile; fileRef = 014E80891C1807C10065987F /* UIViewController+LewPopupViewController.m */; };
		014E80971C1813810065987F /* CustomerSigninView.m in Sources */ = {isa = PBXBuildFile; fileRef = 014E80961C1813810065987F /* CustomerSigninView.m */; };
		014E80991C1813BE0065987F /* CustomerSigninView.xib in Resources */ = {isa = PBXBuildFile; fileRef = 014E80981C1813BE0065987F /* CustomerSigninView.xib */; };
		01564DEB1C149A1E007BBDA2 /* BuildingDetailCell.m in Sources */ = {isa = PBXBuildFile; fileRef = 01564DEA1C149A1E007BBDA2 /* BuildingDetailCell.m */; };
		015B2D0C1BFEBA5400821100 /* main.m in Sources */ = {isa = PBXBuildFile; fileRef = 015B2D0B1BFEBA5400821100 /* main.m */; };
		015B2D0F1BFEBA5400821100 /* AppDelegate.m in Sources */ = {isa = PBXBuildFile; fileRef = 015B2D0E1BFEBA5400821100 /* AppDelegate.m */; };
		015B2D171BFEBA5400821100 /* Assets.xcassets in Resources */ = {isa = PBXBuildFile; fileRef = 015B2D161BFEBA5400821100 /* Assets.xcassets */; };
		015B2D1A1BFEBA5400821100 /* LaunchScreen.storyboard in Resources */ = {isa = PBXBuildFile; fileRef = 015B2D181BFEBA5400821100 /* LaunchScreen.storyboard */; };
		015B2D251BFEBBFD00821100 /* SignInViewController.m in Sources */ = {isa = PBXBuildFile; fileRef = 015B2D231BFEBBFD00821100 /* SignInViewController.m */; };
		015B2D261BFEBBFD00821100 /* SignInViewController.xib in Resources */ = {isa = PBXBuildFile; fileRef = 015B2D241BFEBBFD00821100 /* SignInViewController.xib */; };
		016E3D7F1C32618C00E23702 /* CustomerDetailMaster.m in Sources */ = {isa = PBXBuildFile; fileRef = 016E3D7E1C32618C00E23702 /* CustomerDetailMaster.m */; };
		0177F1E81C56605B00F5969C /* AddressPickerView.m in Sources */ = {isa = PBXBuildFile; fileRef = 0177F1E71C56605B00F5969C /* AddressPickerView.m */; };
		0177F1EB1C56720700F5969C /* AddressPickerViewModel.m in Sources */ = {isa = PBXBuildFile; fileRef = 0177F1EA1C56720700F5969C /* AddressPickerViewModel.m */; };
		0177F1EE1C56728300F5969C /* RegionModel.m in Sources */ = {isa = PBXBuildFile; fileRef = 0177F1ED1C56728300F5969C /* RegionModel.m */; };
		0177F1F01C56749600F5969C /* AreaPlist.plist in Resources */ = {isa = PBXBuildFile; fileRef = 0177F1EF1C56749600F5969C /* AreaPlist.plist */; };
		017A27821C04A46D00CB577D /* pro_lm.gif in Resources */ = {isa = PBXBuildFile; fileRef = 017A27801C04A46D00CB577D /* pro_lm.gif */; };
		017A27831C04A46D00CB577D /* pro_lm1.gif in Resources */ = {isa = PBXBuildFile; fileRef = 017A27811C04A46D00CB577D /* pro_lm1.gif */; };
		017B72171C2CEE390077916B /* QRCodeViewController.m in Sources */ = {isa = PBXBuildFile; fileRef = 017B72161C2CEE390077916B /* QRCodeViewController.m */; };
		017FB2C01C1A7C8A00625ED0 /* collect.png in Resources */ = {isa = PBXBuildFile; fileRef = 017FB2BF1C1A7C8A00625ED0 /* collect.png */; };
		017FB2C21C1A938900625ED0 /* u3d.png in Resources */ = {isa = PBXBuildFile; fileRef = 017FB2C11C1A938900625ED0 /* u3d.png */; };
		0187A0261C01A3C1001091F6 /* CaseListViewController.m in Sources */ = {isa = PBXBuildFile; fileRef = 0187A0251C01A3C1001091F6 /* CaseListViewController.m */; };
		018B09E61BFEC0BB007B69A8 /* HomeViewController.m in Sources */ = {isa = PBXBuildFile; fileRef = 018B09E41BFEC0BB007B69A8 /* HomeViewController.m */; };
		018B09E71BFEC0BB007B69A8 /* HomeViewController.xib in Resources */ = {isa = PBXBuildFile; fileRef = 018B09E51BFEC0BB007B69A8 /* HomeViewController.xib */; };
		018B09ED1BFEC206007B69A8 /* OSNUserInfo.m in Sources */ = {isa = PBXBuildFile; fileRef = 018B09EC1BFEC206007B69A8 /* OSNUserInfo.m */; };
		018B09F41BFEC38B007B69A8 /* OSNNetworkService.m in Sources */ = {isa = PBXBuildFile; fileRef = 018B09F11BFEC38B007B69A8 /* OSNNetworkService.m */; };
		018B09F51BFEC38B007B69A8 /* OSNUserManager.m in Sources */ = {isa = PBXBuildFile; fileRef = 018B09F31BFEC38B007B69A8 /* OSNUserManager.m */; };
		018F894E1C1852E000B03BBD /* exit.png in Resources */ = {isa = PBXBuildFile; fileRef = 018F894D1C1852E000B03BBD /* exit.png */; };
		019164B51C22F86100BA2CD8 /* diy.png in Resources */ = {isa = PBXBuildFile; fileRef = 019164B31C22F86100BA2CD8 /* diy.png */; };
		019164B61C22F86100BA2CD8 /* diy_wait.png in Resources */ = {isa = PBXBuildFile; fileRef = 019164B41C22F86100BA2CD8 /* diy_wait.png */; };
		0192392D1C1473D800948D04 /* CaseDependCell.m in Sources */ = {isa = PBXBuildFile; fileRef = 0192392C1C1473D800948D04 /* CaseDependCell.m */; };
		019BE76A1C15C8DE00980556 /* OSNCustomerListItem.m in Sources */ = {isa = PBXBuildFile; fileRef = 019BE7691C15C8DE00980556 /* OSNCustomerListItem.m */; };
		019BE76D1C15DD5B00980556 /* CustomerListHeader.m in Sources */ = {isa = PBXBuildFile; fileRef = 019BE76C1C15DD5B00980556 /* CustomerListHeader.m */; };
		01A35D3F1C0ADD7A00341F45 /* OSNCaseEntity.m in Sources */ = {isa = PBXBuildFile; fileRef = 01A35D3E1C0ADD7A00341F45 /* OSNCaseEntity.m */; };
		01A35D421C0AE77200341F45 /* CaseImageList.m in Sources */ = {isa = PBXBuildFile; fileRef = 01A35D411C0AE77200341F45 /* CaseImageList.m */; };
		01A35D461C0AF4BA00341F45 /* CaseImageCell.m in Sources */ = {isa = PBXBuildFile; fileRef = 01A35D451C0AF4BA00341F45 /* CaseImageCell.m */; };
		01A35D481C0B3C3200341F45 /* link.png in Resources */ = {isa = PBXBuildFile; fileRef = 01A35D471C0B3C3200341F45 /* link.png */; };
		01A6D0781C58670100807F4C /* OSNWebViewController.m in Sources */ = {isa = PBXBuildFile; fileRef = 01A6D0771C58670100807F4C /* OSNWebViewController.m */; };
		01A6D07B1C58A4F200807F4C /* BuildingPickerView.m in Sources */ = {isa = PBXBuildFile; fileRef = 01A6D07A1C58A4F200807F4C /* BuildingPickerView.m */; };
		01A6D0891C58CD9C00807F4C /* CustomerAddressManagerVC.m in Sources */ = {isa = PBXBuildFile; fileRef = 01A6D0871C58CD9C00807F4C /* CustomerAddressManagerVC.m */; };
		01A6D08A1C58CD9C00807F4C /* CustomerAddressManagerVC.xib in Resources */ = {isa = PBXBuildFile; fileRef = 01A6D0881C58CD9C00807F4C /* CustomerAddressManagerVC.xib */; };
		01AF1F5C1C0402B00033413F /* OSNCaseManager.m in Sources */ = {isa = PBXBuildFile; fileRef = 01AF1F5B1C0402B00033413F /* OSNCaseManager.m */; };
		01AF1F5F1C040D260033413F /* OSNTag.m in Sources */ = {isa = PBXBuildFile; fileRef = 01AF1F5E1C040D260033413F /* OSNTag.m */; };
		01AF1F621C040E1B0033413F /* OSNTagGroup.m in Sources */ = {isa = PBXBuildFile; fileRef = 01AF1F611C040E1B0033413F /* OSNTagGroup.m */; };
		01B0746A1C28323300FDB501 /* setting_ico.png in Resources */ = {isa = PBXBuildFile; fileRef = 01B074691C28323300FDB501 /* setting_ico.png */; };
		01B0746D1C28391C00FDB501 /* SettingView.m in Sources */ = {isa = PBXBuildFile; fileRef = 01B0746C1C28391C00FDB501 /* SettingView.m */; };
		01B0746F1C28394900FDB501 /* SettingView.xib in Resources */ = {isa = PBXBuildFile; fileRef = 01B0746E1C28394900FDB501 /* SettingView.xib */; };
		01B277E31C2925950056FF80 /* UIResponder+FirstResponder.m in Sources */ = {isa = PBXBuildFile; fileRef = 01B277E21C2925950056FF80 /* UIResponder+FirstResponder.m */; };
		01B754DE1C13362B000FA9BE /* OSNBuildingEntity.m in Sources */ = {isa = PBXBuildFile; fileRef = 01B754DD1C13362B000FA9BE /* OSNBuildingEntity.m */; };
		01B754E21C133E73000FA9BE /* BuildingDetailViewController.m in Sources */ = {isa = PBXBuildFile; fileRef = 01B754E01C133E73000FA9BE /* BuildingDetailViewController.m */; };
		01B754E31C133E73000FA9BE /* BuildingDetailViewController.xib in Resources */ = {isa = PBXBuildFile; fileRef = 01B754E11C133E73000FA9BE /* BuildingDetailViewController.xib */; };
		01B754E61C134A70000FA9BE /* CaseDetailProductCell.m in Sources */ = {isa = PBXBuildFile; fileRef = 01B754E51C134A70000FA9BE /* CaseDetailProductCell.m */; };
		01BECEFD1C0D943E007A2E10 /* CaseDetailViewController.m in Sources */ = {isa = PBXBuildFile; fileRef = 01BECEFB1C0D943E007A2E10 /* CaseDetailViewController.m */; };
		01BECEFE1C0D943E007A2E10 /* CaseDetailViewController.xib in Resources */ = {isa = PBXBuildFile; fileRef = 01BECEFC1C0D943E007A2E10 /* CaseDetailViewController.xib */; };
		01C7673E1C10733400875C1C /* OSNProductEntity.m in Sources */ = {isa = PBXBuildFile; fileRef = 01C7673D1C10733400875C1C /* OSNProductEntity.m */; };
		01CA2CED1C0555F000CD0024 /* CaseTagTable.m in Sources */ = {isa = PBXBuildFile; fileRef = 01CA2CEC1C0555F000CD0024 /* CaseTagTable.m */; };
		01CA2CF11C05574C00CD0024 /* CaseTagSection.m in Sources */ = {isa = PBXBuildFile; fileRef = 01CA2CF01C05574C00CD0024 /* CaseTagSection.m */; };
		01CDB8181C059A4300463F97 /* CaseTagCell.m in Sources */ = {isa = PBXBuildFile; fileRef = 01CDB8171C059A4300463F97 /* CaseTagCell.m */; };
		01D776BC1C16870D00F820A1 /* HouseTypeDetailViewController.m in Sources */ = {isa = PBXBuildFile; fileRef = 01D776BA1C16870D00F820A1 /* HouseTypeDetailViewController.m */; };
		01D776BD1C16870D00F820A1 /* HouseTypeDetailViewController.xib in Resources */ = {isa = PBXBuildFile; fileRef = 01D776BB1C16870D00F820A1 /* HouseTypeDetailViewController.xib */; };
		01D776C01C16B69C00F820A1 /* HouseTypeCaseCell.m in Sources */ = {isa = PBXBuildFile; fileRef = 01D776BF1C16B69C00F820A1 /* HouseTypeCaseCell.m */; };
		01DD92261C34E21600BCB289 /* ContentView.html in Resources */ = {isa = PBXBuildFile; fileRef = 01DD92251C34E21600BCB289 /* ContentView.html */; };
		01E063991C0B6E28009448EA /* ProductTagTable.m in Sources */ = {isa = PBXBuildFile; fileRef = 01E063981C0B6E28009448EA /* ProductTagTable.m */; };
		01E0639C1C0B6E65009448EA /* ProductTagSection.m in Sources */ = {isa = PBXBuildFile; fileRef = 01E0639B1C0B6E65009448EA /* ProductTagSection.m */; };
		01E0639F1C0B6E87009448EA /* ProductTagCell.m in Sources */ = {isa = PBXBuildFile; fileRef = 01E0639E1C0B6E87009448EA /* ProductTagCell.m */; };
		01E23AAF1C12C0F2006D6A9E /* ProductDetailViewController.m in Sources */ = {isa = PBXBuildFile; fileRef = 01E23AAD1C12C0F2006D6A9E /* ProductDetailViewController.m */; };
		01E23AB01C12C0F2006D6A9E /* ProductDetailViewController.xib in Resources */ = {isa = PBXBuildFile; fileRef = 01E23AAE1C12C0F2006D6A9E /* ProductDetailViewController.xib */; };
		01E23AB41C12D349006D6A9E /* BuildingListViewController.m in Sources */ = {isa = PBXBuildFile; fileRef = 01E23AB31C12D349006D6A9E /* BuildingListViewController.m */; };
		01E23ABA1C12D46B006D6A9E /* BuildingLeftSider.m in Sources */ = {isa = PBXBuildFile; fileRef = 01E23AB91C12D46B006D6A9E /* BuildingLeftSider.m */; };
		01E23ABD1C12D4BC006D6A9E /* BuildingImageList.m in Sources */ = {isa = PBXBuildFile; fileRef = 01E23ABC1C12D4BC006D6A9E /* BuildingImageList.m */; };
		01E23AC01C12D858006D6A9E /* BuildingImageCell.m in Sources */ = {isa = PBXBuildFile; fileRef = 01E23ABF1C12D858006D6A9E /* BuildingImageCell.m */; };
		01E23AC31C12DDC5006D6A9E /* OSNBuildingManager.m in Sources */ = {isa = PBXBuildFile; fileRef = 01E23AC21C12DDC5006D6A9E /* OSNBuildingManager.m */; };
		01E3035F1C1EE80A001EF801 /* QRCodeScanViewController.m in Sources */ = {isa = PBXBuildFile; fileRef = 01E3035E1C1EE80A001EF801 /* QRCodeScanViewController.m */; };
		01E303611C1EEF10001EF801 /* pick_bg@2x.png in Resources */ = {isa = PBXBuildFile; fileRef = 01E303601C1EEF10001EF801 /* pick_bg@2x.png */; };
		01F8A17A1C15EC59000A7EDB /* NavigationBarView.m in Sources */ = {isa = PBXBuildFile; fileRef = 01F8A1791C15EC59000A7EDB /* NavigationBarView.m */; };
		6ECBAA760C49A32A4783B017 /* libPods-saleclient.a in Frameworks */ = {isa = PBXBuildFile; fileRef = 977BB1C584A2928D5B6CF794 /* libPods-saleclient.a */; };
/* End PBXBuildFile section */

/* Begin PBXFileReference section */
		0100BDE71C0C12CD0011F6D0 /* navbtn_back_hov.png */ = {isa = PBXFileReference; lastKnownFileType = image.png; path = navbtn_back_hov.png; sourceTree = "<group>"; };
		010578171C1312BA00C8F7CC /* OSNAreaEntity.h */ = {isa = PBXFileReference; fileEncoding = 4; lastKnownFileType = sourcecode.c.h; path = OSNAreaEntity.h; sourceTree = "<group>"; };
		010578181C1312BA00C8F7CC /* OSNAreaEntity.m */ = {isa = PBXFileReference; fileEncoding = 4; lastKnownFileType = sourcecode.c.objc; path = OSNAreaEntity.m; sourceTree = "<group>"; };
		0105781A1C1313D300C8F7CC /* AutoLayoutTagView.h */ = {isa = PBXFileReference; fileEncoding = 4; lastKnownFileType = sourcecode.c.h; path = AutoLayoutTagView.h; sourceTree = "<group>"; };
		0105781B1C1313D300C8F7CC /* AutoLayoutTagView.m */ = {isa = PBXFileReference; fileEncoding = 4; lastKnownFileType = sourcecode.c.objc; path = AutoLayoutTagView.m; sourceTree = "<group>"; };
		011340691C1B29DE009C093E /* u3d_wait.png */ = {isa = PBXFileReference; lastKnownFileType = image.png; path = u3d_wait.png; sourceTree = "<group>"; };
		0113406B1C1B32FE009C093E /* CALayer+XibConfiguration.h */ = {isa = PBXFileReference; fileEncoding = 4; lastKnownFileType = sourcecode.c.h; path = "CALayer+XibConfiguration.h"; sourceTree = "<group>"; };
		0113406C1C1B32FE009C093E /* CALayer+XibConfiguration.m */ = {isa = PBXFileReference; fileEncoding = 4; lastKnownFileType = sourcecode.c.objc; path = "CALayer+XibConfiguration.m"; sourceTree = "<group>"; };
		011375461BFEF29500A9AB9E /* login_bg.jpg */ = {isa = PBXFileReference; lastKnownFileType = image.jpeg; path = login_bg.jpg; sourceTree = "<group>"; };
		011375471BFEF29500A9AB9E /* login_btn_hover.png */ = {isa = PBXFileReference; lastKnownFileType = image.png; path = login_btn_hover.png; sourceTree = "<group>"; };
		011375481BFEF29500A9AB9E /* welcome_bg.jpg */ = {isa = PBXFileReference; lastKnownFileType = image.jpeg; path = welcome_bg.jpg; sourceTree = "<group>"; };
		0113754C1BFEFC5000A9AB9E /* history_ico.png */ = {isa = PBXFileReference; lastKnownFileType = image.png; path = history_ico.png; sourceTree = "<group>"; };
		0113754D1BFEFC5000A9AB9E /* historyview_ico.png */ = {isa = PBXFileReference; lastKnownFileType = image.png; path = historyview_ico.png; sourceTree = "<group>"; };
		0113754E1BFEFC5000A9AB9E /* qcode_ico.png */ = {isa = PBXFileReference; lastKnownFileType = image.png; path = qcode_ico.png; sourceTree = "<group>"; };
		0113754F1BFEFC5000A9AB9E /* shopping_ico.png */ = {isa = PBXFileReference; lastKnownFileType = image.png; path = shopping_ico.png; sourceTree = "<group>"; };
		011375541BFEFE4D00A9AB9E /* wc_case_ico.png */ = {isa = PBXFileReference; lastKnownFileType = image.png; path = wc_case_ico.png; sourceTree = "<group>"; };
		011375551BFEFE4D00A9AB9E /* wc_loupan_ico.png */ = {isa = PBXFileReference; lastKnownFileType = image.png; path = wc_loupan_ico.png; sourceTree = "<group>"; };
		011375561BFEFE4D00A9AB9E /* wc_product_ico.png */ = {isa = PBXFileReference; lastKnownFileType = image.png; path = wc_product_ico.png; sourceTree = "<group>"; };
		011375571BFEFE4D00A9AB9E /* wc_receive_ico.png */ = {isa = PBXFileReference; lastKnownFileType = image.png; path = wc_receive_ico.png; sourceTree = "<group>"; };
		011375581BFEFE4D00A9AB9E /* wc_user_ico.png */ = {isa = PBXFileReference; lastKnownFileType = image.png; path = wc_user_ico.png; sourceTree = "<group>"; };
		0113755E1BFF074100A9AB9E /* ProductListViewController.h */ = {isa = PBXFileReference; fileEncoding = 4; lastKnownFileType = sourcecode.c.h; path = ProductListViewController.h; sourceTree = "<group>"; };
		0113755F1BFF074100A9AB9E /* ProductListViewController.m */ = {isa = PBXFileReference; fileEncoding = 4; lastKnownFileType = sourcecode.c.objc; path = ProductListViewController.m; sourceTree = "<group>"; };
		011375611BFF0DA400A9AB9E /* MasterViewController.h */ = {isa = PBXFileReference; fileEncoding = 4; lastKnownFileType = sourcecode.c.h; path = MasterViewController.h; sourceTree = "<group>"; };
		011375621BFF0DA400A9AB9E /* MasterViewController.m */ = {isa = PBXFileReference; fileEncoding = 4; lastKnownFileType = sourcecode.c.objc; path = MasterViewController.m; sourceTree = "<group>"; };
		011375631BFF0DA400A9AB9E /* MasterViewController.xib */ = {isa = PBXFileReference; fileEncoding = 4; lastKnownFileType = file.xib; path = MasterViewController.xib; sourceTree = "<group>"; };
		011930191C1AA8DB005D730A /* CustomerReceptionRecordViewController.h */ = {isa = PBXFileReference; fileEncoding = 4; lastKnownFileType = sourcecode.c.h; path = CustomerReceptionRecordViewController.h; sourceTree = "<group>"; };
		0119301A1C1AA8DB005D730A /* CustomerReceptionRecordViewController.m */ = {isa = PBXFileReference; fileEncoding = 4; lastKnownFileType = sourcecode.c.objc; path = CustomerReceptionRecordViewController.m; sourceTree = "<group>"; };
		0119301B1C1AA8DB005D730A /* CustomerReceptionRecordViewController.xib */ = {isa = PBXFileReference; fileEncoding = 4; lastKnownFileType = file.xib; path = CustomerReceptionRecordViewController.xib; sourceTree = "<group>"; };
		0119301E1C1ABF8D005D730A /* RecordImageCell.h */ = {isa = PBXFileReference; fileEncoding = 4; lastKnownFileType = sourcecode.c.h; path = RecordImageCell.h; sourceTree = "<group>"; };
		0119301F1C1ABF8D005D730A /* RecordImageCell.m */ = {isa = PBXFileReference; fileEncoding = 4; lastKnownFileType = sourcecode.c.objc; path = RecordImageCell.m; sourceTree = "<group>"; };
		0129AB8B1C0363D800A445FB /* OSNProductManager.h */ = {isa = PBXFileReference; fileEncoding = 4; lastKnownFileType = sourcecode.c.h; path = OSNProductManager.h; sourceTree = "<group>"; };
		0129AB8C1C0363D800A445FB /* OSNProductManager.m */ = {isa = PBXFileReference; fileEncoding = 4; lastKnownFileType = sourcecode.c.objc; path = OSNProductManager.m; sourceTree = "<group>"; };
		01303C581C5737730089055E /* AgePickerView.h */ = {isa = PBXFileReference; fileEncoding = 4; lastKnownFileType = sourcecode.c.h; path = AgePickerView.h; sourceTree = "<group>"; };
		01303C591C5737730089055E /* AgePickerView.m */ = {isa = PBXFileReference; fileEncoding = 4; lastKnownFileType = sourcecode.c.objc; path = AgePickerView.m; sourceTree = "<group>"; };
		0130A1751C15894800D075FF /* OSNCustomerManager.h */ = {isa = PBXFileReference; fileEncoding = 4; lastKnownFileType = sourcecode.c.h; path = OSNCustomerManager.h; sourceTree = "<group>"; };
		0130A1761C15894800D075FF /* OSNCustomerManager.m */ = {isa = PBXFileReference; fileEncoding = 4; lastKnownFileType = sourcecode.c.objc; path = OSNCustomerManager.m; sourceTree = "<group>"; };
		0130A1791C158B6600D075FF /* CustomerListViewController.h */ = {isa = PBXFileReference; fileEncoding = 4; lastKnownFileType = sourcecode.c.h; path = CustomerListViewController.h; sourceTree = "<group>"; };
		0130A17A1C158B6600D075FF /* CustomerListViewController.m */ = {isa = PBXFileReference; fileEncoding = 4; lastKnownFileType = sourcecode.c.objc; path = CustomerListViewController.m; sourceTree = "<group>"; };
		0130A17C1C15905000D075FF /* CustomerListCell.h */ = {isa = PBXFileReference; fileEncoding = 4; lastKnownFileType = sourcecode.c.h; path = CustomerListCell.h; sourceTree = "<group>"; };
		0130A17D1C15905000D075FF /* CustomerListCell.m */ = {isa = PBXFileReference; fileEncoding = 4; lastKnownFileType = sourcecode.c.objc; path = CustomerListCell.m; sourceTree = "<group>"; };
		014060EB1C0FDABB0001804E /* OSNMainNavigation.h */ = {isa = PBXFileReference; fileEncoding = 4; lastKnownFileType = sourcecode.c.h; path = OSNMainNavigation.h; sourceTree = "<group>"; };
		014060EC1C0FDABB0001804E /* OSNMainNavigation.m */ = {isa = PBXFileReference; fileEncoding = 4; lastKnownFileType = sourcecode.c.objc; path = OSNMainNavigation.m; sourceTree = "<group>"; };
		014060EE1C0FEB540001804E /* ProductImageList.h */ = {isa = PBXFileReference; fileEncoding = 4; lastKnownFileType = sourcecode.c.h; path = ProductImageList.h; sourceTree = "<group>"; };
		014060EF1C0FEB540001804E /* ProductImageList.m */ = {isa = PBXFileReference; fileEncoding = 4; lastKnownFileType = sourcecode.c.objc; path = ProductImageList.m; sourceTree = "<group>"; };
		014060F11C0FEFC80001804E /* ProductImageCell.h */ = {isa = PBXFileReference; fileEncoding = 4; lastKnownFileType = sourcecode.c.h; path = ProductImageCell.h; sourceTree = "<group>"; };
		014060F21C0FEFC80001804E /* ProductImageCell.m */ = {isa = PBXFileReference; fileEncoding = 4; lastKnownFileType = sourcecode.c.objc; path = ProductImageCell.m; sourceTree = "<group>"; };
		014664E91C06F0CF00FD2E96 /* OSNTagButton.h */ = {isa = PBXFileReference; fileEncoding = 4; lastKnownFileType = sourcecode.c.h; path = OSNTagButton.h; sourceTree = "<group>"; };
		014664EA1C06F0CF00FD2E96 /* OSNTagButton.m */ = {isa = PBXFileReference; fileEncoding = 4; lastKnownFileType = sourcecode.c.objc; path = OSNTagButton.m; sourceTree = "<group>"; };
		014664EC1C07056700FD2E96 /* OSNTagPadView.h */ = {isa = PBXFileReference; fileEncoding = 4; lastKnownFileType = sourcecode.c.h; path = OSNTagPadView.h; sourceTree = "<group>"; };
		014664ED1C07056700FD2E96 /* OSNTagPadView.m */ = {isa = PBXFileReference; fileEncoding = 4; lastKnownFileType = sourcecode.c.objc; path = OSNTagPadView.m; sourceTree = "<group>"; };
		014E80791C1807930065987F /* ImageShowView.h */ = {isa = PBXFileReference; fileEncoding = 4; lastKnownFileType = sourcecode.c.h; path = ImageShowView.h; sourceTree = "<group>"; };
		014E807A1C1807930065987F /* ImageShowView.m */ = {isa = PBXFileReference; fileEncoding = 4; lastKnownFileType = sourcecode.c.objc; path = ImageShowView.m; sourceTree = "<group>"; };
		014E807D1C1807C10065987F /* LewPopupBackgroundView.h */ = {isa = PBXFileReference; fileEncoding = 4; lastKnownFileType = sourcecode.c.h; path = LewPopupBackgroundView.h; sourceTree = "<group>"; };
		014E807E1C1807C10065987F /* LewPopupBackgroundView.m */ = {isa = PBXFileReference; fileEncoding = 4; lastKnownFileType = sourcecode.c.objc; path = LewPopupBackgroundView.m; sourceTree = "<group>"; };
		014E807F1C1807C10065987F /* LewPopupViewAnimationDrop.h */ = {isa = PBXFileReference; fileEncoding = 4; lastKnownFileType = sourcecode.c.h; path = LewPopupViewAnimationDrop.h; sourceTree = "<group>"; };
		014E80801C1807C10065987F /* LewPopupViewAnimationDrop.m */ = {isa = PBXFileReference; fileEncoding = 4; lastKnownFileType = sourcecode.c.objc; path = LewPopupViewAnimationDrop.m; sourceTree = "<group>"; };
		014E80811C1807C10065987F /* LewPopupViewAnimationFade.h */ = {isa = PBXFileReference; fileEncoding = 4; lastKnownFileType = sourcecode.c.h; path = LewPopupViewAnimationFade.h; sourceTree = "<group>"; };
		014E80821C1807C10065987F /* LewPopupViewAnimationFade.m */ = {isa = PBXFileReference; fileEncoding = 4; lastKnownFileType = sourcecode.c.objc; path = LewPopupViewAnimationFade.m; sourceTree = "<group>"; };
		014E80831C1807C10065987F /* LewPopupViewAnimationSlide.h */ = {isa = PBXFileReference; fileEncoding = 4; lastKnownFileType = sourcecode.c.h; path = LewPopupViewAnimationSlide.h; sourceTree = "<group>"; };
		014E80841C1807C10065987F /* LewPopupViewAnimationSlide.m */ = {isa = PBXFileReference; fileEncoding = 4; lastKnownFileType = sourcecode.c.objc; path = LewPopupViewAnimationSlide.m; sourceTree = "<group>"; };
		014E80851C1807C10065987F /* LewPopupViewAnimationSpring.h */ = {isa = PBXFileReference; fileEncoding = 4; lastKnownFileType = sourcecode.c.h; path = LewPopupViewAnimationSpring.h; sourceTree = "<group>"; };
		014E80861C1807C10065987F /* LewPopupViewAnimationSpring.m */ = {isa = PBXFileReference; fileEncoding = 4; lastKnownFileType = sourcecode.c.objc; path = LewPopupViewAnimationSpring.m; sourceTree = "<group>"; };
		014E80871C1807C10065987F /* LewPopupViewController.h */ = {isa = PBXFileReference; fileEncoding = 4; lastKnownFileType = sourcecode.c.h; path = LewPopupViewController.h; sourceTree = "<group>"; };
		014E80881C1807C10065987F /* UIViewController+LewPopupViewController.h */ = {isa = PBXFileReference; fileEncoding = 4; lastKnownFileType = sourcecode.c.h; path = "UIViewController+LewPopupViewController.h"; sourceTree = "<group>"; };
		014E80891C1807C10065987F /* UIViewController+LewPopupViewController.m */ = {isa = PBXFileReference; fileEncoding = 4; lastKnownFileType = sourcecode.c.objc; path = "UIViewController+LewPopupViewController.m"; sourceTree = "<group>"; };
		014E80951C1813810065987F /* CustomerSigninView.h */ = {isa = PBXFileReference; fileEncoding = 4; lastKnownFileType = sourcecode.c.h; path = CustomerSigninView.h; sourceTree = "<group>"; };
		014E80961C1813810065987F /* CustomerSigninView.m */ = {isa = PBXFileReference; fileEncoding = 4; lastKnownFileType = sourcecode.c.objc; path = CustomerSigninView.m; sourceTree = "<group>"; };
		014E80981C1813BE0065987F /* CustomerSigninView.xib */ = {isa = PBXFileReference; fileEncoding = 4; lastKnownFileType = file.xib; path = CustomerSigninView.xib; sourceTree = "<group>"; };
		01564DE91C149A1E007BBDA2 /* BuildingDetailCell.h */ = {isa = PBXFileReference; fileEncoding = 4; lastKnownFileType = sourcecode.c.h; path = BuildingDetailCell.h; sourceTree = "<group>"; };
		01564DEA1C149A1E007BBDA2 /* BuildingDetailCell.m */ = {isa = PBXFileReference; fileEncoding = 4; lastKnownFileType = sourcecode.c.objc; path = BuildingDetailCell.m; sourceTree = "<group>"; };
		015B2D071BFEBA5400821100 /* saleclient.app */ = {isa = PBXFileReference; explicitFileType = wrapper.application; includeInIndex = 0; path = saleclient.app; sourceTree = BUILT_PRODUCTS_DIR; };
		015B2D0B1BFEBA5400821100 /* main.m */ = {isa = PBXFileReference; lastKnownFileType = sourcecode.c.objc; path = main.m; sourceTree = "<group>"; };
		015B2D0D1BFEBA5400821100 /* AppDelegate.h */ = {isa = PBXFileReference; lastKnownFileType = sourcecode.c.h; path = AppDelegate.h; sourceTree = "<group>"; };
		015B2D0E1BFEBA5400821100 /* AppDelegate.m */ = {isa = PBXFileReference; lastKnownFileType = sourcecode.c.objc; path = AppDelegate.m; sourceTree = "<group>"; };
		015B2D161BFEBA5400821100 /* Assets.xcassets */ = {isa = PBXFileReference; lastKnownFileType = folder.assetcatalog; path = Assets.xcassets; sourceTree = "<group>"; };
		015B2D191BFEBA5400821100 /* Base */ = {isa = PBXFileReference; lastKnownFileType = file.storyboard; name = Base; path = Base.lproj/LaunchScreen.storyboard; sourceTree = "<group>"; };
		015B2D1B1BFEBA5400821100 /* Info.plist */ = {isa = PBXFileReference; lastKnownFileType = text.plist.xml; path = Info.plist; sourceTree = "<group>"; };
		015B2D221BFEBBFD00821100 /* SignInViewController.h */ = {isa = PBXFileReference; fileEncoding = 4; lastKnownFileType = sourcecode.c.h; path = SignInViewController.h; sourceTree = "<group>"; };
		015B2D231BFEBBFD00821100 /* SignInViewController.m */ = {isa = PBXFileReference; fileEncoding = 4; lastKnownFileType = sourcecode.c.objc; path = SignInViewController.m; sourceTree = "<group>"; };
		015B2D241BFEBBFD00821100 /* SignInViewController.xib */ = {isa = PBXFileReference; fileEncoding = 4; lastKnownFileType = file.xib; path = SignInViewController.xib; sourceTree = "<group>"; };
		016E3D7D1C32618C00E23702 /* CustomerDetailMaster.h */ = {isa = PBXFileReference; fileEncoding = 4; lastKnownFileType = sourcecode.c.h; path = CustomerDetailMaster.h; sourceTree = "<group>"; };
		016E3D7E1C32618C00E23702 /* CustomerDetailMaster.m */ = {isa = PBXFileReference; fileEncoding = 4; lastKnownFileType = sourcecode.c.objc; path = CustomerDetailMaster.m; sourceTree = "<group>"; };
		0177F1E61C56605B00F5969C /* AddressPickerView.h */ = {isa = PBXFileReference; fileEncoding = 4; lastKnownFileType = sourcecode.c.h; path = AddressPickerView.h; sourceTree = "<group>"; };
		0177F1E71C56605B00F5969C /* AddressPickerView.m */ = {isa = PBXFileReference; fileEncoding = 4; lastKnownFileType = sourcecode.c.objc; path = AddressPickerView.m; sourceTree = "<group>"; };
		0177F1E91C56720700F5969C /* AddressPickerViewModel.h */ = {isa = PBXFileReference; fileEncoding = 4; lastKnownFileType = sourcecode.c.h; path = AddressPickerViewModel.h; sourceTree = "<group>"; };
		0177F1EA1C56720700F5969C /* AddressPickerViewModel.m */ = {isa = PBXFileReference; fileEncoding = 4; lastKnownFileType = sourcecode.c.objc; path = AddressPickerViewModel.m; sourceTree = "<group>"; };
		0177F1EC1C56728300F5969C /* RegionModel.h */ = {isa = PBXFileReference; fileEncoding = 4; lastKnownFileType = sourcecode.c.h; path = RegionModel.h; sourceTree = "<group>"; };
		0177F1ED1C56728300F5969C /* RegionModel.m */ = {isa = PBXFileReference; fileEncoding = 4; lastKnownFileType = sourcecode.c.objc; path = RegionModel.m; sourceTree = "<group>"; };
		0177F1EF1C56749600F5969C /* AreaPlist.plist */ = {isa = PBXFileReference; fileEncoding = 4; lastKnownFileType = text.plist.xml; path = AreaPlist.plist; sourceTree = "<group>"; };
		017A27801C04A46D00CB577D /* pro_lm.gif */ = {isa = PBXFileReference; lastKnownFileType = image.gif; path = pro_lm.gif; sourceTree = "<group>"; };
		017A27811C04A46D00CB577D /* pro_lm1.gif */ = {isa = PBXFileReference; lastKnownFileType = image.gif; path = pro_lm1.gif; sourceTree = "<group>"; };
		017B72151C2CEE390077916B /* QRCodeViewController.h */ = {isa = PBXFileReference; fileEncoding = 4; lastKnownFileType = sourcecode.c.h; path = QRCodeViewController.h; sourceTree = "<group>"; };
		017B72161C2CEE390077916B /* QRCodeViewController.m */ = {isa = PBXFileReference; fileEncoding = 4; lastKnownFileType = sourcecode.c.objc; path = QRCodeViewController.m; sourceTree = "<group>"; };
		017FB2BF1C1A7C8A00625ED0 /* collect.png */ = {isa = PBXFileReference; lastKnownFileType = image.png; path = collect.png; sourceTree = "<group>"; };
		017FB2C11C1A938900625ED0 /* u3d.png */ = {isa = PBXFileReference; lastKnownFileType = image.png; path = u3d.png; sourceTree = "<group>"; };
		0187A0241C01A3C1001091F6 /* CaseListViewController.h */ = {isa = PBXFileReference; fileEncoding = 4; lastKnownFileType = sourcecode.c.h; path = CaseListViewController.h; sourceTree = "<group>"; };
		0187A0251C01A3C1001091F6 /* CaseListViewController.m */ = {isa = PBXFileReference; fileEncoding = 4; lastKnownFileType = sourcecode.c.objc; path = CaseListViewController.m; sourceTree = "<group>"; };
		018B09E31BFEC0BB007B69A8 /* HomeViewController.h */ = {isa = PBXFileReference; fileEncoding = 4; lastKnownFileType = sourcecode.c.h; path = HomeViewController.h; sourceTree = "<group>"; };
		018B09E41BFEC0BB007B69A8 /* HomeViewController.m */ = {isa = PBXFileReference; fileEncoding = 4; lastKnownFileType = sourcecode.c.objc; path = HomeViewController.m; sourceTree = "<group>"; };
		018B09E51BFEC0BB007B69A8 /* HomeViewController.xib */ = {isa = PBXFileReference; fileEncoding = 4; lastKnownFileType = file.xib; path = HomeViewController.xib; sourceTree = "<group>"; };
		018B09E81BFEC181007B69A8 /* OSNMacro.h */ = {isa = PBXFileReference; lastKnownFileType = sourcecode.c.h; path = OSNMacro.h; sourceTree = "<group>"; };
		018B09E91BFEC1A7007B69A8 /* saleclient-Prefix.pch */ = {isa = PBXFileReference; lastKnownFileType = sourcecode.c.h; path = "saleclient-Prefix.pch"; sourceTree = "<group>"; };
		018B09EB1BFEC206007B69A8 /* OSNUserInfo.h */ = {isa = PBXFileReference; fileEncoding = 4; lastKnownFileType = sourcecode.c.h; path = OSNUserInfo.h; sourceTree = "<group>"; };
		018B09EC1BFEC206007B69A8 /* OSNUserInfo.m */ = {isa = PBXFileReference; fileEncoding = 4; lastKnownFileType = sourcecode.c.objc; path = OSNUserInfo.m; sourceTree = "<group>"; };
		018B09EE1BFEC214007B69A8 /* OSNModel.h */ = {isa = PBXFileReference; lastKnownFileType = sourcecode.c.h; path = OSNModel.h; sourceTree = "<group>"; };
		018B09F01BFEC38B007B69A8 /* OSNNetworkService.h */ = {isa = PBXFileReference; fileEncoding = 4; lastKnownFileType = sourcecode.c.h; path = OSNNetworkService.h; sourceTree = "<group>"; };
		018B09F11BFEC38B007B69A8 /* OSNNetworkService.m */ = {isa = PBXFileReference; fileEncoding = 4; lastKnownFileType = sourcecode.c.objc; path = OSNNetworkService.m; sourceTree = "<group>"; };
		018B09F21BFEC38B007B69A8 /* OSNUserManager.h */ = {isa = PBXFileReference; fileEncoding = 4; lastKnownFileType = sourcecode.c.h; path = OSNUserManager.h; sourceTree = "<group>"; };
		018B09F31BFEC38B007B69A8 /* OSNUserManager.m */ = {isa = PBXFileReference; fileEncoding = 4; lastKnownFileType = sourcecode.c.objc; path = OSNUserManager.m; sourceTree = "<group>"; };
		018F894D1C1852E000B03BBD /* exit.png */ = {isa = PBXFileReference; lastKnownFileType = image.png; path = exit.png; sourceTree = "<group>"; };
		019164B31C22F86100BA2CD8 /* diy.png */ = {isa = PBXFileReference; lastKnownFileType = image.png; path = diy.png; sourceTree = "<group>"; };
		019164B41C22F86100BA2CD8 /* diy_wait.png */ = {isa = PBXFileReference; lastKnownFileType = image.png; path = diy_wait.png; sourceTree = "<group>"; };
		0192392B1C1473D800948D04 /* CaseDependCell.h */ = {isa = PBXFileReference; fileEncoding = 4; lastKnownFileType = sourcecode.c.h; path = CaseDependCell.h; sourceTree = "<group>"; };
		0192392C1C1473D800948D04 /* CaseDependCell.m */ = {isa = PBXFileReference; fileEncoding = 4; lastKnownFileType = sourcecode.c.objc; path = CaseDependCell.m; sourceTree = "<group>"; };
		019BE7681C15C8DE00980556 /* OSNCustomerListItem.h */ = {isa = PBXFileReference; fileEncoding = 4; lastKnownFileType = sourcecode.c.h; path = OSNCustomerListItem.h; sourceTree = "<group>"; };
		019BE7691C15C8DE00980556 /* OSNCustomerListItem.m */ = {isa = PBXFileReference; fileEncoding = 4; lastKnownFileType = sourcecode.c.objc; path = OSNCustomerListItem.m; sourceTree = "<group>"; };
		019BE76B1C15DD5B00980556 /* CustomerListHeader.h */ = {isa = PBXFileReference; fileEncoding = 4; lastKnownFileType = sourcecode.c.h; path = CustomerListHeader.h; sourceTree = "<group>"; };
		019BE76C1C15DD5B00980556 /* CustomerListHeader.m */ = {isa = PBXFileReference; fileEncoding = 4; lastKnownFileType = sourcecode.c.objc; path = CustomerListHeader.m; sourceTree = "<group>"; };
		01A35D3D1C0ADD7A00341F45 /* OSNCaseEntity.h */ = {isa = PBXFileReference; fileEncoding = 4; lastKnownFileType = sourcecode.c.h; path = OSNCaseEntity.h; sourceTree = "<group>"; };
		01A35D3E1C0ADD7A00341F45 /* OSNCaseEntity.m */ = {isa = PBXFileReference; fileEncoding = 4; lastKnownFileType = sourcecode.c.objc; path = OSNCaseEntity.m; sourceTree = "<group>"; };
		01A35D401C0AE77200341F45 /* CaseImageList.h */ = {isa = PBXFileReference; fileEncoding = 4; lastKnownFileType = sourcecode.c.h; path = CaseImageList.h; sourceTree = "<group>"; };
		01A35D411C0AE77200341F45 /* CaseImageList.m */ = {isa = PBXFileReference; fileEncoding = 4; lastKnownFileType = sourcecode.c.objc; path = CaseImageList.m; sourceTree = "<group>"; };
		01A35D441C0AF4BA00341F45 /* CaseImageCell.h */ = {isa = PBXFileReference; fileEncoding = 4; lastKnownFileType = sourcecode.c.h; path = CaseImageCell.h; sourceTree = "<group>"; };
		01A35D451C0AF4BA00341F45 /* CaseImageCell.m */ = {isa = PBXFileReference; fileEncoding = 4; lastKnownFileType = sourcecode.c.objc; path = CaseImageCell.m; sourceTree = "<group>"; };
		01A35D471C0B3C3200341F45 /* link.png */ = {isa = PBXFileReference; lastKnownFileType = image.png; path = link.png; sourceTree = "<group>"; };
		01A6D0761C58670100807F4C /* OSNWebViewController.h */ = {isa = PBXFileReference; fileEncoding = 4; lastKnownFileType = sourcecode.c.h; path = OSNWebViewController.h; sourceTree = "<group>"; };
		01A6D0771C58670100807F4C /* OSNWebViewController.m */ = {isa = PBXFileReference; fileEncoding = 4; lastKnownFileType = sourcecode.c.objc; path = OSNWebViewController.m; sourceTree = "<group>"; };
		01A6D0791C58A4F200807F4C /* BuildingPickerView.h */ = {isa = PBXFileReference; fileEncoding = 4; lastKnownFileType = sourcecode.c.h; path = BuildingPickerView.h; sourceTree = "<group>"; };
		01A6D07A1C58A4F200807F4C /* BuildingPickerView.m */ = {isa = PBXFileReference; fileEncoding = 4; lastKnownFileType = sourcecode.c.objc; path = BuildingPickerView.m; sourceTree = "<group>"; };
		01A6D0861C58CD9C00807F4C /* CustomerAddressManagerVC.h */ = {isa = PBXFileReference; fileEncoding = 4; lastKnownFileType = sourcecode.c.h; path = CustomerAddressManagerVC.h; sourceTree = "<group>"; };
		01A6D0871C58CD9C00807F4C /* CustomerAddressManagerVC.m */ = {isa = PBXFileReference; fileEncoding = 4; lastKnownFileType = sourcecode.c.objc; path = CustomerAddressManagerVC.m; sourceTree = "<group>"; };
		01A6D0881C58CD9C00807F4C /* CustomerAddressManagerVC.xib */ = {isa = PBXFileReference; fileEncoding = 4; lastKnownFileType = file.xib; path = CustomerAddressManagerVC.xib; sourceTree = "<group>"; };
		01AF1F5A1C0402B00033413F /* OSNCaseManager.h */ = {isa = PBXFileReference; fileEncoding = 4; lastKnownFileType = sourcecode.c.h; path = OSNCaseManager.h; sourceTree = "<group>"; };
		01AF1F5B1C0402B00033413F /* OSNCaseManager.m */ = {isa = PBXFileReference; fileEncoding = 4; lastKnownFileType = sourcecode.c.objc; path = OSNCaseManager.m; sourceTree = "<group>"; };
		01AF1F5D1C040D260033413F /* OSNTag.h */ = {isa = PBXFileReference; fileEncoding = 4; lastKnownFileType = sourcecode.c.h; path = OSNTag.h; sourceTree = "<group>"; };
		01AF1F5E1C040D260033413F /* OSNTag.m */ = {isa = PBXFileReference; fileEncoding = 4; lastKnownFileType = sourcecode.c.objc; path = OSNTag.m; sourceTree = "<group>"; };
		01AF1F601C040E1B0033413F /* OSNTagGroup.h */ = {isa = PBXFileReference; fileEncoding = 4; lastKnownFileType = sourcecode.c.h; path = OSNTagGroup.h; sourceTree = "<group>"; };
		01AF1F611C040E1B0033413F /* OSNTagGroup.m */ = {isa = PBXFileReference; fileEncoding = 4; lastKnownFileType = sourcecode.c.objc; path = OSNTagGroup.m; sourceTree = "<group>"; };
		01B074691C28323300FDB501 /* setting_ico.png */ = {isa = PBXFileReference; lastKnownFileType = image.png; path = setting_ico.png; sourceTree = "<group>"; };
		01B0746B1C28391C00FDB501 /* SettingView.h */ = {isa = PBXFileReference; fileEncoding = 4; lastKnownFileType = sourcecode.c.h; path = SettingView.h; sourceTree = "<group>"; };
		01B0746C1C28391C00FDB501 /* SettingView.m */ = {isa = PBXFileReference; fileEncoding = 4; lastKnownFileType = sourcecode.c.objc; path = SettingView.m; sourceTree = "<group>"; };
		01B0746E1C28394900FDB501 /* SettingView.xib */ = {isa = PBXFileReference; fileEncoding = 4; lastKnownFileType = file.xib; path = SettingView.xib; sourceTree = "<group>"; };
		01B277E11C2925950056FF80 /* UIResponder+FirstResponder.h */ = {isa = PBXFileReference; fileEncoding = 4; lastKnownFileType = sourcecode.c.h; path = "UIResponder+FirstResponder.h"; sourceTree = "<group>"; };
		01B277E21C2925950056FF80 /* UIResponder+FirstResponder.m */ = {isa = PBXFileReference; fileEncoding = 4; lastKnownFileType = sourcecode.c.objc; path = "UIResponder+FirstResponder.m"; sourceTree = "<group>"; };
		01B754DC1C13362B000FA9BE /* OSNBuildingEntity.h */ = {isa = PBXFileReference; fileEncoding = 4; lastKnownFileType = sourcecode.c.h; path = OSNBuildingEntity.h; sourceTree = "<group>"; };
		01B754DD1C13362B000FA9BE /* OSNBuildingEntity.m */ = {isa = PBXFileReference; fileEncoding = 4; lastKnownFileType = sourcecode.c.objc; path = OSNBuildingEntity.m; sourceTree = "<group>"; };
		01B754DF1C133E73000FA9BE /* BuildingDetailViewController.h */ = {isa = PBXFileReference; fileEncoding = 4; lastKnownFileType = sourcecode.c.h; path = BuildingDetailViewController.h; sourceTree = "<group>"; };
		01B754E01C133E73000FA9BE /* BuildingDetailViewController.m */ = {isa = PBXFileReference; fileEncoding = 4; lastKnownFileType = sourcecode.c.objc; path = BuildingDetailViewController.m; sourceTree = "<group>"; };
		01B754E11C133E73000FA9BE /* BuildingDetailViewController.xib */ = {isa = PBXFileReference; fileEncoding = 4; lastKnownFileType = file.xib; path = BuildingDetailViewController.xib; sourceTree = "<group>"; };
		01B754E41C134A70000FA9BE /* CaseDetailProductCell.h */ = {isa = PBXFileReference; fileEncoding = 4; lastKnownFileType = sourcecode.c.h; path = CaseDetailProductCell.h; sourceTree = "<group>"; };
		01B754E51C134A70000FA9BE /* CaseDetailProductCell.m */ = {isa = PBXFileReference; fileEncoding = 4; lastKnownFileType = sourcecode.c.objc; path = CaseDetailProductCell.m; sourceTree = "<group>"; };
		01BECEFA1C0D943E007A2E10 /* CaseDetailViewController.h */ = {isa = PBXFileReference; fileEncoding = 4; lastKnownFileType = sourcecode.c.h; path = CaseDetailViewController.h; sourceTree = "<group>"; };
		01BECEFB1C0D943E007A2E10 /* CaseDetailViewController.m */ = {isa = PBXFileReference; fileEncoding = 4; lastKnownFileType = sourcecode.c.objc; path = CaseDetailViewController.m; sourceTree = "<group>"; };
		01BECEFC1C0D943E007A2E10 /* CaseDetailViewController.xib */ = {isa = PBXFileReference; fileEncoding = 4; lastKnownFileType = file.xib; path = CaseDetailViewController.xib; sourceTree = "<group>"; };
		01C7673C1C10733400875C1C /* OSNProductEntity.h */ = {isa = PBXFileReference; fileEncoding = 4; lastKnownFileType = sourcecode.c.h; path = OSNProductEntity.h; sourceTree = "<group>"; };
		01C7673D1C10733400875C1C /* OSNProductEntity.m */ = {isa = PBXFileReference; fileEncoding = 4; lastKnownFileType = sourcecode.c.objc; path = OSNProductEntity.m; sourceTree = "<group>"; };
		01CA2CEB1C0555F000CD0024 /* CaseTagTable.h */ = {isa = PBXFileReference; fileEncoding = 4; lastKnownFileType = sourcecode.c.h; path = CaseTagTable.h; sourceTree = "<group>"; };
		01CA2CEC1C0555F000CD0024 /* CaseTagTable.m */ = {isa = PBXFileReference; fileEncoding = 4; lastKnownFileType = sourcecode.c.objc; path = CaseTagTable.m; sourceTree = "<group>"; };
		01CA2CEF1C05574C00CD0024 /* CaseTagSection.h */ = {isa = PBXFileReference; fileEncoding = 4; lastKnownFileType = sourcecode.c.h; path = CaseTagSection.h; sourceTree = "<group>"; };
		01CA2CF01C05574C00CD0024 /* CaseTagSection.m */ = {isa = PBXFileReference; fileEncoding = 4; lastKnownFileType = sourcecode.c.objc; path = CaseTagSection.m; sourceTree = "<group>"; };
		01CDB8161C059A4300463F97 /* CaseTagCell.h */ = {isa = PBXFileReference; fileEncoding = 4; lastKnownFileType = sourcecode.c.h; path = CaseTagCell.h; sourceTree = "<group>"; };
		01CDB8171C059A4300463F97 /* CaseTagCell.m */ = {isa = PBXFileReference; fileEncoding = 4; lastKnownFileType = sourcecode.c.objc; path = CaseTagCell.m; sourceTree = "<group>"; };
		01D776B91C16870D00F820A1 /* HouseTypeDetailViewController.h */ = {isa = PBXFileReference; fileEncoding = 4; lastKnownFileType = sourcecode.c.h; path = HouseTypeDetailViewController.h; sourceTree = "<group>"; };
		01D776BA1C16870D00F820A1 /* HouseTypeDetailViewController.m */ = {isa = PBXFileReference; fileEncoding = 4; lastKnownFileType = sourcecode.c.objc; path = HouseTypeDetailViewController.m; sourceTree = "<group>"; };
		01D776BB1C16870D00F820A1 /* HouseTypeDetailViewController.xib */ = {isa = PBXFileReference; fileEncoding = 4; lastKnownFileType = file.xib; path = HouseTypeDetailViewController.xib; sourceTree = "<group>"; };
		01D776BE1C16B69C00F820A1 /* HouseTypeCaseCell.h */ = {isa = PBXFileReference; fileEncoding = 4; lastKnownFileType = sourcecode.c.h; path = HouseTypeCaseCell.h; sourceTree = "<group>"; };
		01D776BF1C16B69C00F820A1 /* HouseTypeCaseCell.m */ = {isa = PBXFileReference; fileEncoding = 4; lastKnownFileType = sourcecode.c.objc; path = HouseTypeCaseCell.m; sourceTree = "<group>"; };
		01DD92251C34E21600BCB289 /* ContentView.html */ = {isa = PBXFileReference; fileEncoding = 4; lastKnownFileType = text.html; path = ContentView.html; sourceTree = "<group>"; };
		01E063971C0B6E28009448EA /* ProductTagTable.h */ = {isa = PBXFileReference; fileEncoding = 4; lastKnownFileType = sourcecode.c.h; path = ProductTagTable.h; sourceTree = "<group>"; };
		01E063981C0B6E28009448EA /* ProductTagTable.m */ = {isa = PBXFileReference; fileEncoding = 4; lastKnownFileType = sourcecode.c.objc; path = ProductTagTable.m; sourceTree = "<group>"; };
		01E0639A1C0B6E65009448EA /* ProductTagSection.h */ = {isa = PBXFileReference; fileEncoding = 4; lastKnownFileType = sourcecode.c.h; path = ProductTagSection.h; sourceTree = "<group>"; };
		01E0639B1C0B6E65009448EA /* ProductTagSection.m */ = {isa = PBXFileReference; fileEncoding = 4; lastKnownFileType = sourcecode.c.objc; path = ProductTagSection.m; sourceTree = "<group>"; };
		01E0639D1C0B6E87009448EA /* ProductTagCell.h */ = {isa = PBXFileReference; fileEncoding = 4; lastKnownFileType = sourcecode.c.h; path = ProductTagCell.h; sourceTree = "<group>"; };
		01E0639E1C0B6E87009448EA /* ProductTagCell.m */ = {isa = PBXFileReference; fileEncoding = 4; lastKnownFileType = sourcecode.c.objc; path = ProductTagCell.m; sourceTree = "<group>"; };
		01E23AAC1C12C0F2006D6A9E /* ProductDetailViewController.h */ = {isa = PBXFileReference; fileEncoding = 4; lastKnownFileType = sourcecode.c.h; path = ProductDetailViewController.h; sourceTree = "<group>"; };
		01E23AAD1C12C0F2006D6A9E /* ProductDetailViewController.m */ = {isa = PBXFileReference; fileEncoding = 4; lastKnownFileType = sourcecode.c.objc; path = ProductDetailViewController.m; sourceTree = "<group>"; };
		01E23AAE1C12C0F2006D6A9E /* ProductDetailViewController.xib */ = {isa = PBXFileReference; fileEncoding = 4; lastKnownFileType = file.xib; path = ProductDetailViewController.xib; sourceTree = "<group>"; };
		01E23AB21C12D349006D6A9E /* BuildingListViewController.h */ = {isa = PBXFileReference; fileEncoding = 4; lastKnownFileType = sourcecode.c.h; path = BuildingListViewController.h; sourceTree = "<group>"; };
		01E23AB31C12D349006D6A9E /* BuildingListViewController.m */ = {isa = PBXFileReference; fileEncoding = 4; lastKnownFileType = sourcecode.c.objc; path = BuildingListViewController.m; sourceTree = "<group>"; };
		01E23AB81C12D46B006D6A9E /* BuildingLeftSider.h */ = {isa = PBXFileReference; fileEncoding = 4; lastKnownFileType = sourcecode.c.h; path = BuildingLeftSider.h; sourceTree = "<group>"; };
		01E23AB91C12D46B006D6A9E /* BuildingLeftSider.m */ = {isa = PBXFileReference; fileEncoding = 4; lastKnownFileType = sourcecode.c.objc; path = BuildingLeftSider.m; sourceTree = "<group>"; };
		01E23ABB1C12D4BC006D6A9E /* BuildingImageList.h */ = {isa = PBXFileReference; fileEncoding = 4; lastKnownFileType = sourcecode.c.h; path = BuildingImageList.h; sourceTree = "<group>"; };
		01E23ABC1C12D4BC006D6A9E /* BuildingImageList.m */ = {isa = PBXFileReference; fileEncoding = 4; lastKnownFileType = sourcecode.c.objc; path = BuildingImageList.m; sourceTree = "<group>"; };
		01E23ABE1C12D858006D6A9E /* BuildingImageCell.h */ = {isa = PBXFileReference; fileEncoding = 4; lastKnownFileType = sourcecode.c.h; path = BuildingImageCell.h; sourceTree = "<group>"; };
		01E23ABF1C12D858006D6A9E /* BuildingImageCell.m */ = {isa = PBXFileReference; fileEncoding = 4; lastKnownFileType = sourcecode.c.objc; path = BuildingImageCell.m; sourceTree = "<group>"; };
		01E23AC11C12DDC5006D6A9E /* OSNBuildingManager.h */ = {isa = PBXFileReference; fileEncoding = 4; lastKnownFileType = sourcecode.c.h; path = OSNBuildingManager.h; sourceTree = "<group>"; };
		01E23AC21C12DDC5006D6A9E /* OSNBuildingManager.m */ = {isa = PBXFileReference; fileEncoding = 4; lastKnownFileType = sourcecode.c.objc; path = OSNBuildingManager.m; sourceTree = "<group>"; };
		01E3035D1C1EE80A001EF801 /* QRCodeScanViewController.h */ = {isa = PBXFileReference; fileEncoding = 4; lastKnownFileType = sourcecode.c.h; path = QRCodeScanViewController.h; sourceTree = "<group>"; };
		01E3035E1C1EE80A001EF801 /* QRCodeScanViewController.m */ = {isa = PBXFileReference; fileEncoding = 4; lastKnownFileType = sourcecode.c.objc; path = QRCodeScanViewController.m; sourceTree = "<group>"; };
		01E303601C1EEF10001EF801 /* pick_bg@2x.png */ = {isa = PBXFileReference; lastKnownFileType = image.png; path = "pick_bg@2x.png"; sourceTree = "<group>"; };
		01F8A1781C15EC59000A7EDB /* NavigationBarView.h */ = {isa = PBXFileReference; fileEncoding = 4; lastKnownFileType = sourcecode.c.h; path = NavigationBarView.h; sourceTree = "<group>"; };
		01F8A1791C15EC59000A7EDB /* NavigationBarView.m */ = {isa = PBXFileReference; fileEncoding = 4; lastKnownFileType = sourcecode.c.objc; path = NavigationBarView.m; sourceTree = "<group>"; };
		085C548C4109E76C880EC2E0 /* Pods-saleclient.release.xcconfig */ = {isa = PBXFileReference; includeInIndex = 1; lastKnownFileType = text.xcconfig; name = "Pods-saleclient.release.xcconfig"; path = "Pods/Target Support Files/Pods-saleclient/Pods-saleclient.release.xcconfig"; sourceTree = "<group>"; };
		977BB1C584A2928D5B6CF794 /* libPods-saleclient.a */ = {isa = PBXFileReference; explicitFileType = archive.ar; includeInIndex = 0; path = "libPods-saleclient.a"; sourceTree = BUILT_PRODUCTS_DIR; };
		C91545DC02F872E51821B588 /* Pods-saleclient.debug.xcconfig */ = {isa = PBXFileReference; includeInIndex = 1; lastKnownFileType = text.xcconfig; name = "Pods-saleclient.debug.xcconfig"; path = "Pods/Target Support Files/Pods-saleclient/Pods-saleclient.debug.xcconfig"; sourceTree = "<group>"; };
/* End PBXFileReference section */

/* Begin PBXFrameworksBuildPhase section */
		015B2D041BFEBA5400821100 /* Frameworks */ = {
			isa = PBXFrameworksBuildPhase;
			buildActionMask = 2147483647;
			files = (
				6ECBAA760C49A32A4783B017 /* libPods-saleclient.a in Frameworks */,
			);
			runOnlyForDeploymentPostprocessing = 0;
		};
/* End PBXFrameworksBuildPhase section */

/* Begin PBXGroup section */
		011375451BFEF27300A9AB9E /* Image */ = {
			isa = PBXGroup;
			children = (
				01B074691C28323300FDB501 /* setting_ico.png */,
				019164B31C22F86100BA2CD8 /* diy.png */,
				019164B41C22F86100BA2CD8 /* diy_wait.png */,
				01E303601C1EEF10001EF801 /* pick_bg@2x.png */,
				017FB2C11C1A938900625ED0 /* u3d.png */,
				011340691C1B29DE009C093E /* u3d_wait.png */,
				017FB2BF1C1A7C8A00625ED0 /* collect.png */,
				018F894D1C1852E000B03BBD /* exit.png */,
				0100BDE71C0C12CD0011F6D0 /* navbtn_back_hov.png */,
				01A35D471C0B3C3200341F45 /* link.png */,
				017A27801C04A46D00CB577D /* pro_lm.gif */,
				017A27811C04A46D00CB577D /* pro_lm1.gif */,
				0113754C1BFEFC5000A9AB9E /* history_ico.png */,
				0113754D1BFEFC5000A9AB9E /* historyview_ico.png */,
				0113754E1BFEFC5000A9AB9E /* qcode_ico.png */,
				0113754F1BFEFC5000A9AB9E /* shopping_ico.png */,
				011375461BFEF29500A9AB9E /* login_bg.jpg */,
				011375471BFEF29500A9AB9E /* login_btn_hover.png */,
				011375481BFEF29500A9AB9E /* welcome_bg.jpg */,
				011375541BFEFE4D00A9AB9E /* wc_case_ico.png */,
				011375551BFEFE4D00A9AB9E /* wc_loupan_ico.png */,
				011375561BFEFE4D00A9AB9E /* wc_product_ico.png */,
				011375571BFEFE4D00A9AB9E /* wc_receive_ico.png */,
				011375581BFEFE4D00A9AB9E /* wc_user_ico.png */,
			);
			name = Image;
			sourceTree = "<group>";
		};
		0130A1781C158A7000D075FF /* Customer */ = {
			isa = PBXGroup;
			children = (
				01A6D0861C58CD9C00807F4C /* CustomerAddressManagerVC.h */,
				01A6D0871C58CD9C00807F4C /* CustomerAddressManagerVC.m */,
				01A6D0881C58CD9C00807F4C /* CustomerAddressManagerVC.xib */,
				01303C581C5737730089055E /* AgePickerView.h */,
				01303C591C5737730089055E /* AgePickerView.m */,
				0177F1E61C56605B00F5969C /* AddressPickerView.h */,
				0177F1E71C56605B00F5969C /* AddressPickerView.m */,
				0177F1E91C56720700F5969C /* AddressPickerViewModel.h */,
				0177F1EA1C56720700F5969C /* AddressPickerViewModel.m */,
				014E80951C1813810065987F /* CustomerSigninView.h */,
				014E80961C1813810065987F /* CustomerSigninView.m */,
				014E80981C1813BE0065987F /* CustomerSigninView.xib */,
				0130A1791C158B6600D075FF /* CustomerListViewController.h */,
				0130A17A1C158B6600D075FF /* CustomerListViewController.m */,
				0130A17C1C15905000D075FF /* CustomerListCell.h */,
				0130A17D1C15905000D075FF /* CustomerListCell.m */,
				019BE76B1C15DD5B00980556 /* CustomerListHeader.h */,
				019BE76C1C15DD5B00980556 /* CustomerListHeader.m */,
				011930191C1AA8DB005D730A /* CustomerReceptionRecordViewController.h */,
				0119301A1C1AA8DB005D730A /* CustomerReceptionRecordViewController.m */,
				0119301B1C1AA8DB005D730A /* CustomerReceptionRecordViewController.xib */,
				0119301E1C1ABF8D005D730A /* RecordImageCell.h */,
				0119301F1C1ABF8D005D730A /* RecordImageCell.m */,
				016E3D7D1C32618C00E23702 /* CustomerDetailMaster.h */,
				016E3D7E1C32618C00E23702 /* CustomerDetailMaster.m */,
				01DD92251C34E21600BCB289 /* ContentView.html */,
			);
			name = Customer;
			sourceTree = "<group>";
		};
		014664E51C06ED1C00FD2E96 /* TagVIew */ = {
			isa = PBXGroup;
			children = (
				0105781A1C1313D300C8F7CC /* AutoLayoutTagView.h */,
				0105781B1C1313D300C8F7CC /* AutoLayoutTagView.m */,
				014664E91C06F0CF00FD2E96 /* OSNTagButton.h */,
				014664EA1C06F0CF00FD2E96 /* OSNTagButton.m */,
				014664EC1C07056700FD2E96 /* OSNTagPadView.h */,
				014664ED1C07056700FD2E96 /* OSNTagPadView.m */,
			);
			name = TagVIew;
			sourceTree = "<group>";
		};
		014E807C1C1807C10065987F /* popupViewController */ = {
			isa = PBXGroup;
			children = (
				014E807D1C1807C10065987F /* LewPopupBackgroundView.h */,
				014E807E1C1807C10065987F /* LewPopupBackgroundView.m */,
				014E807F1C1807C10065987F /* LewPopupViewAnimationDrop.h */,
				014E80801C1807C10065987F /* LewPopupViewAnimationDrop.m */,
				014E80811C1807C10065987F /* LewPopupViewAnimationFade.h */,
				014E80821C1807C10065987F /* LewPopupViewAnimationFade.m */,
				014E80831C1807C10065987F /* LewPopupViewAnimationSlide.h */,
				014E80841C1807C10065987F /* LewPopupViewAnimationSlide.m */,
				014E80851C1807C10065987F /* LewPopupViewAnimationSpring.h */,
				014E80861C1807C10065987F /* LewPopupViewAnimationSpring.m */,
				014E80871C1807C10065987F /* LewPopupViewController.h */,
				014E80881C1807C10065987F /* UIViewController+LewPopupViewController.h */,
				014E80891C1807C10065987F /* UIViewController+LewPopupViewController.m */,
			);
			path = popupViewController;
			sourceTree = "<group>";
		};
		014E80901C1812450065987F /* Home */ = {
			isa = PBXGroup;
			children = (
				018B09E31BFEC0BB007B69A8 /* HomeViewController.h */,
				018B09E41BFEC0BB007B69A8 /* HomeViewController.m */,
				018B09E51BFEC0BB007B69A8 /* HomeViewController.xib */,
				015B2D221BFEBBFD00821100 /* SignInViewController.h */,
				015B2D231BFEBBFD00821100 /* SignInViewController.m */,
				015B2D241BFEBBFD00821100 /* SignInViewController.xib */,
				0113406B1C1B32FE009C093E /* CALayer+XibConfiguration.h */,
				0113406C1C1B32FE009C093E /* CALayer+XibConfiguration.m */,
				01E3035D1C1EE80A001EF801 /* QRCodeScanViewController.h */,
				01E3035E1C1EE80A001EF801 /* QRCodeScanViewController.m */,
				017B72151C2CEE390077916B /* QRCodeViewController.h */,
				017B72161C2CEE390077916B /* QRCodeViewController.m */,
				01B0746B1C28391C00FDB501 /* SettingView.h */,
				01B0746C1C28391C00FDB501 /* SettingView.m */,
				01B0746E1C28394900FDB501 /* SettingView.xib */,
				01B277E11C2925950056FF80 /* UIResponder+FirstResponder.h */,
				01B277E21C2925950056FF80 /* UIResponder+FirstResponder.m */,
			);
			name = Home;
			sourceTree = "<group>";
		};
		014E80911C1812A60065987F /* Navigation */ = {
			isa = PBXGroup;
			children = (
				01A6D0761C58670100807F4C /* OSNWebViewController.h */,
				01A6D0771C58670100807F4C /* OSNWebViewController.m */,
				01F8A1781C15EC59000A7EDB /* NavigationBarView.h */,
				01F8A1791C15EC59000A7EDB /* NavigationBarView.m */,
				014060EB1C0FDABB0001804E /* OSNMainNavigation.h */,
				014060EC1C0FDABB0001804E /* OSNMainNavigation.m */,
				011375611BFF0DA400A9AB9E /* MasterViewController.h */,
				011375621BFF0DA400A9AB9E /* MasterViewController.m */,
				011375631BFF0DA400A9AB9E /* MasterViewController.xib */,
			);
			name = Navigation;
			sourceTree = "<group>";
		};
		015B2CFE1BFEBA5400821100 = {
			isa = PBXGroup;
			children = (
				015B2D091BFEBA5400821100 /* saleclient */,
				015B2D081BFEBA5400821100 /* Products */,
				D4262A57C8627E086F807169 /* Pods */,
				5848A951BEB05BD01F3E6171 /* Frameworks */,
			);
			sourceTree = "<group>";
		};
		015B2D081BFEBA5400821100 /* Products */ = {
			isa = PBXGroup;
			children = (
				015B2D071BFEBA5400821100 /* saleclient.app */,
			);
			name = Products;
			sourceTree = "<group>";
		};
		015B2D091BFEBA5400821100 /* saleclient */ = {
			isa = PBXGroup;
			children = (
				018B09EF1BFEC36C007B69A8 /* Service */,
				018B09EA1BFEC1EC007B69A8 /* Model */,
				015B2D211BFEBBB900821100 /* View */,
				015B2D161BFEBA5400821100 /* Assets.xcassets */,
				015B2D181BFEBA5400821100 /* LaunchScreen.storyboard */,
				014E807C1C1807C10065987F /* popupViewController */,
				015B2D0A1BFEBA5400821100 /* Supporting Files */,
			);
			path = saleclient;
			sourceTree = "<group>";
		};
		015B2D0A1BFEBA5400821100 /* Supporting Files */ = {
			isa = PBXGroup;
			children = (
				011375451BFEF27300A9AB9E /* Image */,
				015B2D1B1BFEBA5400821100 /* Info.plist */,
				0177F1EF1C56749600F5969C /* AreaPlist.plist */,
				015B2D0D1BFEBA5400821100 /* AppDelegate.h */,
				015B2D0E1BFEBA5400821100 /* AppDelegate.m */,
				015B2D0B1BFEBA5400821100 /* main.m */,
				018B09E81BFEC181007B69A8 /* OSNMacro.h */,
				018B09E91BFEC1A7007B69A8 /* saleclient-Prefix.pch */,
			);
			name = "Supporting Files";
			sourceTree = "<group>";
		};
		015B2D211BFEBBB900821100 /* View */ = {
			isa = PBXGroup;
			children = (
				014E80911C1812A60065987F /* Navigation */,
				014E80901C1812450065987F /* Home */,
				0130A1781C158A7000D075FF /* Customer */,
				01E23AB11C12D326006D6A9E /* Building */,
				01A35D431C0AE79200341F45 /* Product */,
				01A35D3C1C09B08D00341F45 /* Case */,
				014664E51C06ED1C00FD2E96 /* TagVIew */,
			);
			name = View;
			sourceTree = "<group>";
		};
		018B09EA1BFEC1EC007B69A8 /* Model */ = {
			isa = PBXGroup;
			children = (
				018B09EE1BFEC214007B69A8 /* OSNModel.h */,
				018B09EB1BFEC206007B69A8 /* OSNUserInfo.h */,
				018B09EC1BFEC206007B69A8 /* OSNUserInfo.m */,
				01AF1F5D1C040D260033413F /* OSNTag.h */,
				01AF1F5E1C040D260033413F /* OSNTag.m */,
				01AF1F601C040E1B0033413F /* OSNTagGroup.h */,
				01AF1F611C040E1B0033413F /* OSNTagGroup.m */,
				01A35D3D1C0ADD7A00341F45 /* OSNCaseEntity.h */,
				01A35D3E1C0ADD7A00341F45 /* OSNCaseEntity.m */,
				01C7673C1C10733400875C1C /* OSNProductEntity.h */,
				01C7673D1C10733400875C1C /* OSNProductEntity.m */,
				010578171C1312BA00C8F7CC /* OSNAreaEntity.h */,
				010578181C1312BA00C8F7CC /* OSNAreaEntity.m */,
				01B754DC1C13362B000FA9BE /* OSNBuildingEntity.h */,
				01B754DD1C13362B000FA9BE /* OSNBuildingEntity.m */,
				019BE7681C15C8DE00980556 /* OSNCustomerListItem.h */,
				019BE7691C15C8DE00980556 /* OSNCustomerListItem.m */,
				0177F1EC1C56728300F5969C /* RegionModel.h */,
				0177F1ED1C56728300F5969C /* RegionModel.m */,
			);
			name = Model;
			sourceTree = "<group>";
		};
		018B09EF1BFEC36C007B69A8 /* Service */ = {
			isa = PBXGroup;
			children = (
				018B09F01BFEC38B007B69A8 /* OSNNetworkService.h */,
				018B09F11BFEC38B007B69A8 /* OSNNetworkService.m */,
				018B09F21BFEC38B007B69A8 /* OSNUserManager.h */,
				018B09F31BFEC38B007B69A8 /* OSNUserManager.m */,
				0129AB8B1C0363D800A445FB /* OSNProductManager.h */,
				0129AB8C1C0363D800A445FB /* OSNProductManager.m */,
				01AF1F5A1C0402B00033413F /* OSNCaseManager.h */,
				01AF1F5B1C0402B00033413F /* OSNCaseManager.m */,
				01E23AC11C12DDC5006D6A9E /* OSNBuildingManager.h */,
				01E23AC21C12DDC5006D6A9E /* OSNBuildingManager.m */,
				0130A1751C15894800D075FF /* OSNCustomerManager.h */,
				0130A1761C15894800D075FF /* OSNCustomerManager.m */,
			);
			name = Service;
			sourceTree = "<group>";
		};
		01A35D3C1C09B08D00341F45 /* Case */ = {
			isa = PBXGroup;
			children = (
				0187A0241C01A3C1001091F6 /* CaseListViewController.h */,
				0187A0251C01A3C1001091F6 /* CaseListViewController.m */,
				01CA2CEB1C0555F000CD0024 /* CaseTagTable.h */,
				01CA2CEC1C0555F000CD0024 /* CaseTagTable.m */,
				01CA2CEF1C05574C00CD0024 /* CaseTagSection.h */,
				01CA2CF01C05574C00CD0024 /* CaseTagSection.m */,
				01CDB8161C059A4300463F97 /* CaseTagCell.h */,
				01CDB8171C059A4300463F97 /* CaseTagCell.m */,
				01A35D401C0AE77200341F45 /* CaseImageList.h */,
				01A35D411C0AE77200341F45 /* CaseImageList.m */,
				01A35D441C0AF4BA00341F45 /* CaseImageCell.h */,
				01A35D451C0AF4BA00341F45 /* CaseImageCell.m */,
				01BECEFA1C0D943E007A2E10 /* CaseDetailViewController.h */,
				01BECEFB1C0D943E007A2E10 /* CaseDetailViewController.m */,
				01BECEFC1C0D943E007A2E10 /* CaseDetailViewController.xib */,
				01B754E41C134A70000FA9BE /* CaseDetailProductCell.h */,
				01B754E51C134A70000FA9BE /* CaseDetailProductCell.m */,
			);
			name = Case;
			sourceTree = "<group>";
		};
		01A35D431C0AE79200341F45 /* Product */ = {
			isa = PBXGroup;
			children = (
				0113755E1BFF074100A9AB9E /* ProductListViewController.h */,
				0113755F1BFF074100A9AB9E /* ProductListViewController.m */,
				01E063971C0B6E28009448EA /* ProductTagTable.h */,
				01E063981C0B6E28009448EA /* ProductTagTable.m */,
				01E0639A1C0B6E65009448EA /* ProductTagSection.h */,
				01E0639B1C0B6E65009448EA /* ProductTagSection.m */,
				01E0639D1C0B6E87009448EA /* ProductTagCell.h */,
				01E0639E1C0B6E87009448EA /* ProductTagCell.m */,
				014060EE1C0FEB540001804E /* ProductImageList.h */,
				014060EF1C0FEB540001804E /* ProductImageList.m */,
				014060F11C0FEFC80001804E /* ProductImageCell.h */,
				014060F21C0FEFC80001804E /* ProductImageCell.m */,
				01E23AAC1C12C0F2006D6A9E /* ProductDetailViewController.h */,
				01E23AAD1C12C0F2006D6A9E /* ProductDetailViewController.m */,
				01E23AAE1C12C0F2006D6A9E /* ProductDetailViewController.xib */,
				0192392B1C1473D800948D04 /* CaseDependCell.h */,
				0192392C1C1473D800948D04 /* CaseDependCell.m */,
				014E80791C1807930065987F /* ImageShowView.h */,
				014E807A1C1807930065987F /* ImageShowView.m */,
			);
			name = Product;
			sourceTree = "<group>";
		};
		01E23AB11C12D326006D6A9E /* Building */ = {
			isa = PBXGroup;
			children = (
				01A6D0791C58A4F200807F4C /* BuildingPickerView.h */,
				01A6D07A1C58A4F200807F4C /* BuildingPickerView.m */,
				01E23AB21C12D349006D6A9E /* BuildingListViewController.h */,
				01E23AB31C12D349006D6A9E /* BuildingListViewController.m */,
				01E23AB81C12D46B006D6A9E /* BuildingLeftSider.h */,
				01E23AB91C12D46B006D6A9E /* BuildingLeftSider.m */,
				01E23ABB1C12D4BC006D6A9E /* BuildingImageList.h */,
				01E23ABC1C12D4BC006D6A9E /* BuildingImageList.m */,
				01E23ABE1C12D858006D6A9E /* BuildingImageCell.h */,
				01E23ABF1C12D858006D6A9E /* BuildingImageCell.m */,
				01B754DF1C133E73000FA9BE /* BuildingDetailViewController.h */,
				01B754E01C133E73000FA9BE /* BuildingDetailViewController.m */,
				01B754E11C133E73000FA9BE /* BuildingDetailViewController.xib */,
				01564DE91C149A1E007BBDA2 /* BuildingDetailCell.h */,
				01564DEA1C149A1E007BBDA2 /* BuildingDetailCell.m */,
				01D776B91C16870D00F820A1 /* HouseTypeDetailViewController.h */,
				01D776BA1C16870D00F820A1 /* HouseTypeDetailViewController.m */,
				01D776BB1C16870D00F820A1 /* HouseTypeDetailViewController.xib */,
				01D776BE1C16B69C00F820A1 /* HouseTypeCaseCell.h */,
				01D776BF1C16B69C00F820A1 /* HouseTypeCaseCell.m */,
			);
			name = Building;
			sourceTree = "<group>";
		};
		5848A951BEB05BD01F3E6171 /* Frameworks */ = {
			isa = PBXGroup;
			children = (
				977BB1C584A2928D5B6CF794 /* libPods-saleclient.a */,
			);
			name = Frameworks;
			sourceTree = "<group>";
		};
		D4262A57C8627E086F807169 /* Pods */ = {
			isa = PBXGroup;
			children = (
				C91545DC02F872E51821B588 /* Pods-saleclient.debug.xcconfig */,
				085C548C4109E76C880EC2E0 /* Pods-saleclient.release.xcconfig */,
			);
			name = Pods;
			sourceTree = "<group>";
		};
/* End PBXGroup section */

/* Begin PBXNativeTarget section */
		015B2D061BFEBA5400821100 /* saleclient */ = {
			isa = PBXNativeTarget;
			buildConfigurationList = 015B2D1E1BFEBA5400821100 /* Build configuration list for PBXNativeTarget "saleclient" */;
			buildPhases = (
				81E52AE6AAEF973E4FBFCC94 /* Check Pods Manifest.lock */,
				015B2D031BFEBA5400821100 /* Sources */,
				015B2D041BFEBA5400821100 /* Frameworks */,
				015B2D051BFEBA5400821100 /* Resources */,
				91FCE35271CA81942156EBA3 /* Copy Pods Resources */,
			);
			buildRules = (
			);
			dependencies = (
			);
			name = saleclient;
			productName = saleclient;
			productReference = 015B2D071BFEBA5400821100 /* saleclient.app */;
			productType = "com.apple.product-type.application";
		};
/* End PBXNativeTarget section */

/* Begin PBXProject section */
		015B2CFF1BFEBA5400821100 /* Project object */ = {
			isa = PBXProject;
			attributes = {
				LastUpgradeCheck = 0710;
				ORGANIZATIONNAME = oceano;
				TargetAttributes = {
					015B2D061BFEBA5400821100 = {
						CreatedOnToolsVersion = 7.1.1;
						DevelopmentTeam = P2CNUH8HX4;
					};
				};
			};
			buildConfigurationList = 015B2D021BFEBA5400821100 /* Build configuration list for PBXProject "saleclient" */;
			compatibilityVersion = "Xcode 3.2";
			developmentRegion = English;
			hasScannedForEncodings = 0;
			knownRegions = (
				en,
				Base,
			);
			mainGroup = 015B2CFE1BFEBA5400821100;
			productRefGroup = 015B2D081BFEBA5400821100 /* Products */;
			projectDirPath = "";
			projectRoot = "";
			targets = (
				015B2D061BFEBA5400821100 /* saleclient */,
			);
		};
/* End PBXProject section */

/* Begin PBXResourcesBuildPhase section */
		015B2D051BFEBA5400821100 /* Resources */ = {
			isa = PBXResourcesBuildPhase;
			buildActionMask = 2147483647;
			files = (
				0113754A1BFEF29500A9AB9E /* login_btn_hover.png in Resources */,
				019164B51C22F86100BA2CD8 /* diy.png in Resources */,
				01A35D481C0B3C3200341F45 /* link.png in Resources */,
				018F894E1C1852E000B03BBD /* exit.png in Resources */,
				01B754E31C133E73000FA9BE /* BuildingDetailViewController.xib in Resources */,
				011375531BFEFC5000A9AB9E /* shopping_ico.png in Resources */,
				0177F1F01C56749600F5969C /* AreaPlist.plist in Resources */,
				0119301D1C1AA8DB005D730A /* CustomerReceptionRecordViewController.xib in Resources */,
				011375511BFEFC5000A9AB9E /* historyview_ico.png in Resources */,
				0113754B1BFEF29500A9AB9E /* welcome_bg.jpg in Resources */,
				01E23AB01C12C0F2006D6A9E /* ProductDetailViewController.xib in Resources */,
				0113406A1C1B29DE009C093E /* u3d_wait.png in Resources */,
				017FB2C01C1A7C8A00625ED0 /* collect.png in Resources */,
				017A27831C04A46D00CB577D /* pro_lm1.gif in Resources */,
				0113755D1BFEFE4D00A9AB9E /* wc_user_ico.png in Resources */,
				0113755C1BFEFE4D00A9AB9E /* wc_receive_ico.png in Resources */,
				01B0746A1C28323300FDB501 /* setting_ico.png in Resources */,
				01DD92261C34E21600BCB289 /* ContentView.html in Resources */,
				015B2D261BFEBBFD00821100 /* SignInViewController.xib in Resources */,
				01BECEFE1C0D943E007A2E10 /* CaseDetailViewController.xib in Resources */,
				017A27821C04A46D00CB577D /* pro_lm.gif in Resources */,
				01A6D08A1C58CD9C00807F4C /* CustomerAddressManagerVC.xib in Resources */,
				019164B61C22F86100BA2CD8 /* diy_wait.png in Resources */,
				011375521BFEFC5000A9AB9E /* qcode_ico.png in Resources */,
				01B0746F1C28394900FDB501 /* SettingView.xib in Resources */,
				014E80991C1813BE0065987F /* CustomerSigninView.xib in Resources */,
				015B2D1A1BFEBA5400821100 /* LaunchScreen.storyboard in Resources */,
				01D776BD1C16870D00F820A1 /* HouseTypeDetailViewController.xib in Resources */,
				015B2D171BFEBA5400821100 /* Assets.xcassets in Resources */,
				011375491BFEF29500A9AB9E /* login_bg.jpg in Resources */,
				0100BDE81C0C12CD0011F6D0 /* navbtn_back_hov.png in Resources */,
				0113755B1BFEFE4D00A9AB9E /* wc_product_ico.png in Resources */,
				011375591BFEFE4D00A9AB9E /* wc_case_ico.png in Resources */,
				01E303611C1EEF10001EF801 /* pick_bg@2x.png in Resources */,
				0113755A1BFEFE4D00A9AB9E /* wc_loupan_ico.png in Resources */,
				011375651BFF0DA400A9AB9E /* MasterViewController.xib in Resources */,
				011375501BFEFC5000A9AB9E /* history_ico.png in Resources */,
				017FB2C21C1A938900625ED0 /* u3d.png in Resources */,
				018B09E71BFEC0BB007B69A8 /* HomeViewController.xib in Resources */,
			);
			runOnlyForDeploymentPostprocessing = 0;
		};
/* End PBXResourcesBuildPhase section */

/* Begin PBXShellScriptBuildPhase section */
		81E52AE6AAEF973E4FBFCC94 /* Check Pods Manifest.lock */ = {
			isa = PBXShellScriptBuildPhase;
			buildActionMask = 2147483647;
			files = (
			);
			inputPaths = (
			);
			name = "Check Pods Manifest.lock";
			outputPaths = (
			);
			runOnlyForDeploymentPostprocessing = 0;
			shellPath = /bin/sh;
			shellScript = "diff \"${PODS_ROOT}/../Podfile.lock\" \"${PODS_ROOT}/Manifest.lock\" > /dev/null\nif [[ $? != 0 ]] ; then\n    cat << EOM\nerror: The sandbox is not in sync with the Podfile.lock. Run 'pod install' or update your CocoaPods installation.\nEOM\n    exit 1\nfi\n";
			showEnvVarsInLog = 0;
		};
		91FCE35271CA81942156EBA3 /* Copy Pods Resources */ = {
			isa = PBXShellScriptBuildPhase;
			buildActionMask = 2147483647;
			files = (
			);
			inputPaths = (
			);
			name = "Copy Pods Resources";
			outputPaths = (
			);
			runOnlyForDeploymentPostprocessing = 0;
			shellPath = /bin/sh;
			shellScript = "\"${SRCROOT}/Pods/Target Support Files/Pods-saleclient/Pods-saleclient-resources.sh\"\n";
			showEnvVarsInLog = 0;
		};
/* End PBXShellScriptBuildPhase section */

/* Begin PBXSourcesBuildPhase section */
		015B2D031BFEBA5400821100 /* Sources */ = {
			isa = PBXSourcesBuildPhase;
			buildActionMask = 2147483647;
			files = (
				01B754E61C134A70000FA9BE /* CaseDetailProductCell.m in Sources */,
				01E23AB41C12D349006D6A9E /* BuildingListViewController.m in Sources */,
				014E808B1C1807C10065987F /* LewPopupViewAnimationDrop.m in Sources */,
				01D776BC1C16870D00F820A1 /* HouseTypeDetailViewController.m in Sources */,
				0187A0261C01A3C1001091F6 /* CaseListViewController.m in Sources */,
				014664EB1C06F0CF00FD2E96 /* OSNTagButton.m in Sources */,
				015B2D251BFEBBFD00821100 /* SignInViewController.m in Sources */,
				01A35D3F1C0ADD7A00341F45 /* OSNCaseEntity.m in Sources */,
				01AF1F5C1C0402B00033413F /* OSNCaseManager.m in Sources */,
				018B09F41BFEC38B007B69A8 /* OSNNetworkService.m in Sources */,
				011375601BFF074100A9AB9E /* ProductListViewController.m in Sources */,
				01E0639F1C0B6E87009448EA /* ProductTagCell.m in Sources */,
				0129AB8D1C0363D800A445FB /* OSNProductManager.m in Sources */,
				01BECEFD1C0D943E007A2E10 /* CaseDetailViewController.m in Sources */,
				01E0639C1C0B6E65009448EA /* ProductTagSection.m in Sources */,
				014E808D1C1807C10065987F /* LewPopupViewAnimationSlide.m in Sources */,
				015B2D0F1BFEBA5400821100 /* AppDelegate.m in Sources */,
				01AF1F621C040E1B0033413F /* OSNTagGroup.m in Sources */,
				018B09F51BFEC38B007B69A8 /* OSNUserManager.m in Sources */,
				014060F31C0FEFC80001804E /* ProductImageCell.m in Sources */,
				018B09ED1BFEC206007B69A8 /* OSNUserInfo.m in Sources */,
				01B754E21C133E73000FA9BE /* BuildingDetailViewController.m in Sources */,
				01A6D0781C58670100807F4C /* OSNWebViewController.m in Sources */,
				01A35D421C0AE77200341F45 /* CaseImageList.m in Sources */,
				01A6D07B1C58A4F200807F4C /* BuildingPickerView.m in Sources */,
				016E3D7F1C32618C00E23702 /* CustomerDetailMaster.m in Sources */,
				0105781C1C1313D300C8F7CC /* AutoLayoutTagView.m in Sources */,
				0113406D1C1B32FE009C093E /* CALayer+XibConfiguration.m in Sources */,
				01CA2CF11C05574C00CD0024 /* CaseTagSection.m in Sources */,
				01E23AC01C12D858006D6A9E /* BuildingImageCell.m in Sources */,
				014E80971C1813810065987F /* CustomerSigninView.m in Sources */,
				01A6D0891C58CD9C00807F4C /* CustomerAddressManagerVC.m in Sources */,
				0119301C1C1AA8DB005D730A /* CustomerReceptionRecordViewController.m in Sources */,
				014664EE1C07056700FD2E96 /* OSNTagPadView.m in Sources */,
				01A35D461C0AF4BA00341F45 /* CaseImageCell.m in Sources */,
				011930201C1ABF8D005D730A /* RecordImageCell.m in Sources */,
				0177F1E81C56605B00F5969C /* AddressPickerView.m in Sources */,
				015B2D0C1BFEBA5400821100 /* main.m in Sources */,
				01B0746D1C28391C00FDB501 /* SettingView.m in Sources */,
				01AF1F5F1C040D260033413F /* OSNTag.m in Sources */,
				01F8A17A1C15EC59000A7EDB /* NavigationBarView.m in Sources */,
				01E063991C0B6E28009448EA /* ProductTagTable.m in Sources */,
				010578191C1312BA00C8F7CC /* OSNAreaEntity.m in Sources */,
				01CDB8181C059A4300463F97 /* CaseTagCell.m in Sources */,
				01564DEB1C149A1E007BBDA2 /* BuildingDetailCell.m in Sources */,
				014E808C1C1807C10065987F /* LewPopupViewAnimationFade.m in Sources */,
				01E23ABA1C12D46B006D6A9E /* BuildingLeftSider.m in Sources */,
				014E808E1C1807C10065987F /* LewPopupViewAnimationSpring.m in Sources */,
				0130A1771C15894800D075FF /* OSNCustomerManager.m in Sources */,
				014060ED1C0FDABB0001804E /* OSNMainNavigation.m in Sources */,
				01E3035F1C1EE80A001EF801 /* QRCodeScanViewController.m in Sources */,
				01E23AC31C12DDC5006D6A9E /* OSNBuildingManager.m in Sources */,
				0177F1EE1C56728300F5969C /* RegionModel.m in Sources */,
				01303C5A1C5737730089055E /* AgePickerView.m in Sources */,
				01D776C01C16B69C00F820A1 /* HouseTypeCaseCell.m in Sources */,
				0130A17B1C158B6600D075FF /* CustomerListViewController.m in Sources */,
				01B754DE1C13362B000FA9BE /* OSNBuildingEntity.m in Sources */,
				014E808A1C1807C10065987F /* LewPopupBackgroundView.m in Sources */,
				01B277E31C2925950056FF80 /* UIResponder+FirstResponder.m in Sources */,
				019BE76A1C15C8DE00980556 /* OSNCustomerListItem.m in Sources */,
				014E807B1C1807930065987F /* ImageShowView.m in Sources */,
				019BE76D1C15DD5B00980556 /* CustomerListHeader.m in Sources */,
				0130A17E1C15905000D075FF /* CustomerListCell.m in Sources */,
				014E808F1C1807C10065987F /* UIViewController+LewPopupViewController.m in Sources */,
				01C7673E1C10733400875C1C /* OSNProductEntity.m in Sources */,
				0177F1EB1C56720700F5969C /* AddressPickerViewModel.m in Sources */,
				018B09E61BFEC0BB007B69A8 /* HomeViewController.m in Sources */,
				01E23ABD1C12D4BC006D6A9E /* BuildingImageList.m in Sources */,
				0192392D1C1473D800948D04 /* CaseDependCell.m in Sources */,
				01E23AAF1C12C0F2006D6A9E /* ProductDetailViewController.m in Sources */,
				017B72171C2CEE390077916B /* QRCodeViewController.m in Sources */,
				014060F01C0FEB540001804E /* ProductImageList.m in Sources */,
				01CA2CED1C0555F000CD0024 /* CaseTagTable.m in Sources */,
				011375641BFF0DA400A9AB9E /* MasterViewController.m in Sources */,
			);
			runOnlyForDeploymentPostprocessing = 0;
		};
/* End PBXSourcesBuildPhase section */

/* Begin PBXVariantGroup section */
		015B2D181BFEBA5400821100 /* LaunchScreen.storyboard */ = {
			isa = PBXVariantGroup;
			children = (
				015B2D191BFEBA5400821100 /* Base */,
			);
			name = LaunchScreen.storyboard;
			sourceTree = "<group>";
		};
/* End PBXVariantGroup section */

/* Begin XCBuildConfiguration section */
		015B2D1C1BFEBA5400821100 /* Debug */ = {
			isa = XCBuildConfiguration;
			buildSettings = {
				ALWAYS_SEARCH_USER_PATHS = NO;
				CLANG_CXX_LANGUAGE_STANDARD = "gnu++0x";
				CLANG_CXX_LIBRARY = "libc++";
				CLANG_ENABLE_MODULES = YES;
				CLANG_ENABLE_OBJC_ARC = YES;
				CLANG_WARN_BOOL_CONVERSION = YES;
				CLANG_WARN_CONSTANT_CONVERSION = YES;
				CLANG_WARN_DIRECT_OBJC_ISA_USAGE = YES_ERROR;
				CLANG_WARN_EMPTY_BODY = YES;
				CLANG_WARN_ENUM_CONVERSION = YES;
				CLANG_WARN_INT_CONVERSION = YES;
				CLANG_WARN_OBJC_ROOT_CLASS = YES_ERROR;
				CLANG_WARN_UNREACHABLE_CODE = YES;
				CLANG_WARN__DUPLICATE_METHOD_MATCH = YES;
				CODE_SIGN_IDENTITY = "iPhone Developer: KaiQiang You (32YX2F89LN)";
				"CODE_SIGN_IDENTITY[sdk=iphoneos*]" = "iPhone Developer";
				COPY_PHASE_STRIP = NO;
				DEBUG_INFORMATION_FORMAT = dwarf;
				ENABLE_STRICT_OBJC_MSGSEND = YES;
				ENABLE_TESTABILITY = YES;
				GCC_C_LANGUAGE_STANDARD = gnu99;
				GCC_DYNAMIC_NO_PIC = NO;
				GCC_NO_COMMON_BLOCKS = YES;
				GCC_OPTIMIZATION_LEVEL = 0;
				GCC_PREPROCESSOR_DEFINITIONS = (
					"DEBUG=1",
					"$(inherited)",
				);
				GCC_WARN_64_TO_32_BIT_CONVERSION = YES;
				GCC_WARN_ABOUT_RETURN_TYPE = YES_ERROR;
				GCC_WARN_UNDECLARED_SELECTOR = YES;
				GCC_WARN_UNINITIALIZED_AUTOS = YES_AGGRESSIVE;
				GCC_WARN_UNUSED_FUNCTION = YES;
				GCC_WARN_UNUSED_VARIABLE = YES;
				IPHONEOS_DEPLOYMENT_TARGET = 8.0;
				MTL_ENABLE_DEBUG_INFO = YES;
				ONLY_ACTIVE_ARCH = YES;
				PROVISIONING_PROFILE = "1802f7bb-dc99-4f61-af7e-695ac6536ae5";
				SDKROOT = iphoneos;
				TARGETED_DEVICE_FAMILY = 2;
			};
			name = Debug;
		};
		015B2D1D1BFEBA5400821100 /* Release */ = {
			isa = XCBuildConfiguration;
			buildSettings = {
				ALWAYS_SEARCH_USER_PATHS = NO;
				CLANG_CXX_LANGUAGE_STANDARD = "gnu++0x";
				CLANG_CXX_LIBRARY = "libc++";
				CLANG_ENABLE_MODULES = YES;
				CLANG_ENABLE_OBJC_ARC = YES;
				CLANG_WARN_BOOL_CONVERSION = YES;
				CLANG_WARN_CONSTANT_CONVERSION = YES;
				CLANG_WARN_DIRECT_OBJC_ISA_USAGE = YES_ERROR;
				CLANG_WARN_EMPTY_BODY = YES;
				CLANG_WARN_ENUM_CONVERSION = YES;
				CLANG_WARN_INT_CONVERSION = YES;
				CLANG_WARN_OBJC_ROOT_CLASS = YES_ERROR;
				CLANG_WARN_UNREACHABLE_CODE = YES;
				CLANG_WARN__DUPLICATE_METHOD_MATCH = YES;
				CODE_SIGN_IDENTITY = "iPhone Developer: KaiQiang You (32YX2F89LN)";
				"CODE_SIGN_IDENTITY[sdk=iphoneos*]" = "iPhone Developer";
				COPY_PHASE_STRIP = NO;
				DEBUG_INFORMATION_FORMAT = "dwarf-with-dsym";
				ENABLE_NS_ASSERTIONS = NO;
				ENABLE_STRICT_OBJC_MSGSEND = YES;
				GCC_C_LANGUAGE_STANDARD = gnu99;
				GCC_NO_COMMON_BLOCKS = YES;
				GCC_WARN_64_TO_32_BIT_CONVERSION = YES;
				GCC_WARN_ABOUT_RETURN_TYPE = YES_ERROR;
				GCC_WARN_UNDECLARED_SELECTOR = YES;
				GCC_WARN_UNINITIALIZED_AUTOS = YES_AGGRESSIVE;
				GCC_WARN_UNUSED_FUNCTION = YES;
				GCC_WARN_UNUSED_VARIABLE = YES;
				IPHONEOS_DEPLOYMENT_TARGET = 8.0;
				MTL_ENABLE_DEBUG_INFO = NO;
				PROVISIONING_PROFILE = "1802f7bb-dc99-4f61-af7e-695ac6536ae5";
				SDKROOT = iphoneos;
				TARGETED_DEVICE_FAMILY = 2;
				VALIDATE_PRODUCT = YES;
			};
			name = Release;
		};
		015B2D1F1BFEBA5400821100 /* Debug */ = {
			isa = XCBuildConfiguration;
			baseConfigurationReference = C91545DC02F872E51821B588 /* Pods-saleclient.debug.xcconfig */;
			buildSettings = {
				ASSETCATALOG_COMPILER_APPICON_NAME = AppIcon;
				CODE_SIGN_IDENTITY = "iPhone Developer: 伟 Jiang (85V724K3K4)";
				"CODE_SIGN_IDENTITY[sdk=iphoneos*]" = "iPhone Developer: 伟 Jiang (85V724K3K4)";
				GCC_PRECOMPILE_PREFIX_HEADER = NO;
				GCC_PREFIX_HEADER = "$(SRCROOT)/saleclient/saleclient-Prefix.pch";
				INFOPLIST_FILE = saleclient/Info.plist;
				LD_RUNPATH_SEARCH_PATHS = "$(inherited) @executable_path/Frameworks";
				PRODUCT_BUNDLE_IDENTIFIER = cn.com.oceano.padclient;
				PRODUCT_NAME = "$(TARGET_NAME)";
				PROVISIONING_PROFILE = "804c34e8-012d-45af-a2c3-e7dad78888d7";
				TARGETED_DEVICE_FAMILY = 2;
			};
			name = Debug;
		};
		015B2D201BFEBA5400821100 /* Release */ = {
			isa = XCBuildConfiguration;
			baseConfigurationReference = 085C548C4109E76C880EC2E0 /* Pods-saleclient.release.xcconfig */;
			buildSettings = {
				ASSETCATALOG_COMPILER_APPICON_NAME = AppIcon;
				CODE_SIGN_IDENTITY = "iPhone Developer: 伟 Jiang (85V724K3K4)";
				"CODE_SIGN_IDENTITY[sdk=iphoneos*]" = "iPhone Developer: 伟 Jiang (85V724K3K4)";
				GCC_PRECOMPILE_PREFIX_HEADER = NO;
				GCC_PREFIX_HEADER = "$(SRCROOT)/saleclient/saleclient-Prefix.pch";
				INFOPLIST_FILE = saleclient/Info.plist;
				LD_RUNPATH_SEARCH_PATHS = "$(inherited) @executable_path/Frameworks";
				PRODUCT_BUNDLE_IDENTIFIER = cn.com.oceano.padclient;
				PRODUCT_NAME = "$(TARGET_NAME)";
				PROVISIONING_PROFILE = "804c34e8-012d-45af-a2c3-e7dad78888d7";
				TARGETED_DEVICE_FAMILY = 2;
			};
			name = Release;
		};
/* End XCBuildConfiguration section */

/* Begin XCConfigurationList section */
		015B2D021BFEBA5400821100 /* Build configuration list for PBXProject "saleclient" */ = {
			isa = XCConfigurationList;
			buildConfigurations = (
				015B2D1C1BFEBA5400821100 /* Debug */,
				015B2D1D1BFEBA5400821100 /* Release */,
			);
			defaultConfigurationIsVisible = 0;
			defaultConfigurationName = Release;
		};
		015B2D1E1BFEBA5400821100 /* Build configuration list for PBXNativeTarget "saleclient" */ = {
			isa = XCConfigurationList;
			buildConfigurations = (
				015B2D1F1BFEBA5400821100 /* Debug */,
				015B2D201BFEBA5400821100 /* Release */,
			);
			defaultConfigurationIsVisible = 0;
			defaultConfigurationName = Release;
		};
/* End XCConfigurationList section */
	};
	rootObject = 015B2CFF1BFEBA5400821100 /* Project object */;
}
